PODS:
  - ActiveLabel (0.5.0)
  - Alamofire (3.4.0)
  - BTNavigationDropdownMenu (0.3)
  - Google-Mobile-Ads-SDK (7.8.0)
  - Kanna (1.0.6)
  - KMPlaceholderTextView (1.2.0)
  - Realm (0.102.0):
    - Realm/Headers (= 0.102.0)
  - Realm/Headers (0.102.0)
  - RealmSwift (0.102.0):
    - Realm (= 0.102.0)

DEPENDENCIES:
  - ActiveLabel
  - Alamofire (~> 3.0)
  - BTNavigationDropdownMenu
  - Google-Mobile-Ads-SDK (~> 7.0)
  - Kanna (~> 1.0.0)
  - KMPlaceholderTextView (~> 1.2.0)
  - RealmSwift

SPEC CHECKSUMS:
  ActiveLabel: c7b011767b5660faacf8a3629174a9a775886b8d
  Alamofire: c19a627cefd6a95f840401c49ab1f124e07f54ee
  BTNavigationDropdownMenu: c36d20785253699046fdd295698c24b1d1c18f53
  Google-Mobile-Ads-SDK: 36b88dd2373f0ee4583e65971cb07b6965c29eef
  Kanna: 9f30945bbd293a609f698ea164687ccc0990ff60
  KMPlaceholderTextView: cae8ee889bd38d20587eee6b2623b8218f31b8f5
  Realm: 5d219f9037e3ec2019c599b8227bfc95433cb10e
  RealmSwift: e6f436f9fea1c57b9ad6d1c46d57562c845f3c4c

COCOAPODS: 0.39.0
