// !$*UTF8*$!
{
	archiveVersion = 1;
	classes = {
	};
	objectVersion = 46;
	objects = {

/* Begin PBXBuildFile section */
		0401EFB21D24112100851222 /* messi.png in Resources */ = {isa = PBXBuildFile; fileRef = 0401EFB11D24112100851222 /* messi.png */; };
		0401EFB51D2415CF00851222 /* ItemListAdViewController.swift in Sources */ = {isa = PBXBuildFile; fileRef = 0401EFB41D2415CF00851222 /* ItemListAdViewController.swift */; };
		040973D41CCBAF8B008ABCA9 /* History.swift in Sources */ = {isa = PBXBuildFile; fileRef = 040973D31CCBAF8B008ABCA9 /* History.swift */; };
		040CB4ED1C5F7CEC00C67432 /* AppDelegate.swift in Sources */ = {isa = PBXBuildFile; fileRef = 040CB4EC1C5F7CEC00C67432 /* AppDelegate.swift */; };
		040CB4EF1C5F7CEC00C67432 /* BoardViewController.swift in Sources */ = {isa = PBXBuildFile; fileRef = 040CB4EE1C5F7CEC00C67432 /* BoardViewController.swift */; };
		040CB4F41C5F7CEC00C67432 /* Main.storyboard in Resources */ = {isa = PBXBuildFile; fileRef = 040CB4F21C5F7CEC00C67432 /* Main.storyboard */; };
		040CB4F61C5F7CEC00C67432 /* Assets.xcassets in Resources */ = {isa = PBXBuildFile; fileRef = 040CB4F51C5F7CEC00C67432 /* Assets.xcassets */; };
		040CB4F91C5F7CEC00C67432 /* LaunchScreen.storyboard in Resources */ = {isa = PBXBuildFile; fileRef = 040CB4F71C5F7CEC00C67432 /* LaunchScreen.storyboard */; };
		040CB5041C5F7CEC00C67432 /* SsajulTests.swift in Sources */ = {isa = PBXBuildFile; fileRef = 040CB5031C5F7CEC00C67432 /* SsajulTests.swift */; };
		0425B7E01D08642E00308734 /* HistoryTableViewBase.swift in Sources */ = {isa = PBXBuildFile; fileRef = 0425B7DF1D08642E00308734 /* HistoryTableViewBase.swift */; };
		042CD7121CEF6C4A00519EE0 /* ronaldo.jpg in Resources */ = {isa = PBXBuildFile; fileRef = 042CD7111CEF6C4A00519EE0 /* ronaldo.jpg */; };
		042CD7141CEF6F8D00519EE0 /* ronaldo-pirelli.jpg in Resources */ = {isa = PBXBuildFile; fileRef = 042CD7131CEF6F8D00519EE0 /* ronaldo-pirelli.jpg */; };
		046625091C96EA20006BB90F /* CommentCell.swift in Sources */ = {isa = PBXBuildFile; fileRef = 046625081C96EA20006BB90F /* CommentCell.swift */; };
		046ED1101D350E7100F7D6A6 /* coachronaldo.jpg in Resources */ = {isa = PBXBuildFile; fileRef = 046ED10F1D350E7100F7D6A6 /* coachronaldo.jpg */; };
		046ED1121D350EDC00F7D6A6 /* champs.jpg in Resources */ = {isa = PBXBuildFile; fileRef = 046ED1111D350EDC00F7D6A6 /* champs.jpg */; };
		047742591D63482A00C6B267 /* coaches-300x169.jpg in Resources */ = {isa = PBXBuildFile; fileRef = 047742581D63482A00C6B267 /* coaches-300x169.jpg */; };
		0477425B1D6348D100C6B267 /* epl-predictions-1471019967-800.jpg in Resources */ = {isa = PBXBuildFile; fileRef = 0477425A1D6348D100C6B267 /* epl-predictions-1471019967-800.jpg */; };
		047D24391CB291FC00148EBC /* LoginViewController.swift in Sources */ = {isa = PBXBuildFile; fileRef = 047D24381CB291FC00148EBC /* LoginViewController.swift */; };
		0483C70E1D10655F00D053BE /* AdCell.swift in Sources */ = {isa = PBXBuildFile; fileRef = 0483C70D1D10655F00D053BE /* AdCell.swift */; };
		048466CE1CC1EB1100A19919 /* ItemWriteViewController.swift in Sources */ = {isa = PBXBuildFile; fileRef = 048466CD1CC1EB1100A19919 /* ItemWriteViewController.swift */; };
		04948B971DE1A3CA00FA44CD /* Security.framework in Frameworks */ = {isa = PBXBuildFile; fileRef = 04948B961DE1A3CA00FA44CD /* Security.framework */; };
		04948B9A1DE33EFB00FA44CD /* BoardAdViewController.swift in Sources */ = {isa = PBXBuildFile; fileRef = 04948B991DE33EFB00FA44CD /* BoardAdViewController.swift */; };
		04948B9C1DE47A1A00FA44CD /* ContentAdViewController.swift in Sources */ = {isa = PBXBuildFile; fileRef = 04948B9B1DE47A1A00FA44CD /* ContentAdViewController.swift */; };
		04A1EB8B1CDA49C400022201 /* SSajulDatabase.swift in Sources */ = {isa = PBXBuildFile; fileRef = 04A1EB8A1CDA49C400022201 /* SSajulDatabase.swift */; };
		04ADCD721DE01CF1009FE63A /* EUCKREncoding.swift in Sources */ = {isa = PBXBuildFile; fileRef = 04ADCD711DE01CF1009FE63A /* EUCKREncoding.swift */; };
		04B4CA741DD0B698009440E1 /* libAdamPublisher.a in Frameworks */ = {isa = PBXBuildFile; fileRef = 04B4CA731DD0B698009440E1 /* libAdamPublisher.a */; };
		04B72B2F1D0733D7003A6934 /* HistoryOfFavoriteController.swift in Sources */ = {isa = PBXBuildFile; fileRef = 04B72B2E1D0733D7003A6934 /* HistoryOfFavoriteController.swift */; };
		04B72B311D073545003A6934 /* HistoryOfCommentController.swift in Sources */ = {isa = PBXBuildFile; fileRef = 04B72B301D073545003A6934 /* HistoryOfCommentController.swift */; };
		04B872951DCA0C6D00A5BCEB /* UIKit.framework in Frameworks */ = {isa = PBXBuildFile; fileRef = 04573A331DC8D53700582062 /* UIKit.framework */; };
		04B872971DCA0C7500A5BCEB /* Foundation.framework in Frameworks */ = {isa = PBXBuildFile; fileRef = 04B872961DCA0C7500A5BCEB /* Foundation.framework */; };
		04B872991DCA0C7D00A5BCEB /* CoreGraphics.framework in Frameworks */ = {isa = PBXBuildFile; fileRef = 04B872981DCA0C7D00A5BCEB /* CoreGraphics.framework */; };
		04B8729B1DCA0C8800A5BCEB /* MobileCoreServices.framework in Frameworks */ = {isa = PBXBuildFile; fileRef = 04B8729A1DCA0C8800A5BCEB /* MobileCoreServices.framework */; };
		04B8729D1DCA0C9300A5BCEB /* CFNetwork.framework in Frameworks */ = {isa = PBXBuildFile; fileRef = 04B8729C1DCA0C9300A5BCEB /* CFNetwork.framework */; };
		04B8729F1DCA0C9E00A5BCEB /* SystemConfiguration.framework in Frameworks */ = {isa = PBXBuildFile; fileRef = 04B8729E1DCA0C9E00A5BCEB /* SystemConfiguration.framework */; };
		04B872A11DCA0CA500A5BCEB /* CoreLocation.framework in Frameworks */ = {isa = PBXBuildFile; fileRef = 04B872A01DCA0CA500A5BCEB /* CoreLocation.framework */; };
		04B872A31DCA0CAE00A5BCEB /* CoreTelephony.framework in Frameworks */ = {isa = PBXBuildFile; fileRef = 04B872A21DCA0CAE00A5BCEB /* CoreTelephony.framework */; };
		04B872A51DCA0CB600A5BCEB /* MediaPlayer.framework in Frameworks */ = {isa = PBXBuildFile; fileRef = 04B872A41DCA0CB600A5BCEB /* MediaPlayer.framework */; };
		04B872A81DCA0CBF00A5BCEB /* EventKit.framework in Frameworks */ = {isa = PBXBuildFile; fileRef = 04B872A61DCA0CBF00A5BCEB /* EventKit.framework */; };
		04B872A91DCA0CBF00A5BCEB /* EventKitUI.framework in Frameworks */ = {isa = PBXBuildFile; fileRef = 04B872A71DCA0CBF00A5BCEB /* EventKitUI.framework */; };
		04B872AB1DCA0CC500A5BCEB /* AssetsLibrary.framework in Frameworks */ = {isa = PBXBuildFile; fileRef = 04B872AA1DCA0CC500A5BCEB /* AssetsLibrary.framework */; };
		04B872AD1DCA0CCB00A5BCEB /* AdSupport.framework in Frameworks */ = {isa = PBXBuildFile; fileRef = 04B872AC1DCA0CCB00A5BCEB /* AdSupport.framework */; };
		04B872AF1DCA0CD600A5BCEB /* libz.1.2.5.tbd in Frameworks */ = {isa = PBXBuildFile; fileRef = 04B872AE1DCA0CD600A5BCEB /* libz.1.2.5.tbd */; };
		04B872C21DCA2B6F00A5BCEB /* AdamAdWrapperView.m in Sources */ = {isa = PBXBuildFile; fileRef = 04B872BF1DCA2B6F00A5BCEB /* AdamAdWrapperView.m */; };
		04D0FF1B1C7C830300B204C4 /* Board.swift in Sources */ = {isa = PBXBuildFile; fileRef = 04D0FF1A1C7C830300B204C4 /* Board.swift */; };
		04D0FF1D1C7C84C300B204C4 /* Item.swift in Sources */ = {isa = PBXBuildFile; fileRef = 04D0FF1C1C7C84C300B204C4 /* Item.swift */; };
		04D0FF1F1C7C84DE00B204C4 /* Comment.swift in Sources */ = {isa = PBXBuildFile; fileRef = 04D0FF1E1C7C84DE00B204C4 /* Comment.swift */; };
		04D0FF251C7C94E000B204C4 /* SSajulClient.swift in Sources */ = {isa = PBXBuildFile; fileRef = 04D0FF241C7C94E000B204C4 /* SSajulClient.swift */; };
		04D6BCEC1CC542F500925F4A /* String.swift in Sources */ = {isa = PBXBuildFile; fileRef = 04D6BCEB1CC542F500925F4A /* String.swift */; };
		04D6BCEE1CC6711F00925F4A /* QuartzCore.framework in Frameworks */ = {isa = PBXBuildFile; fileRef = 04D6BCED1CC6711F00925F4A /* QuartzCore.framework */; };
		04D6BCF21CC686EF00925F4A /* Clock-25.png in Resources */ = {isa = PBXBuildFile; fileRef = 04D6BCF11CC686EF00925F4A /* Clock-25.png */; };
		04D6BCF41CC6889B00925F4A /* Clock-30.png in Resources */ = {isa = PBXBuildFile; fileRef = 04D6BCF31CC6889B00925F4A /* Clock-30.png */; };
		04DCA7AE1CBE7B1000E2E184 /* CommentWriteCell.swift in Sources */ = {isa = PBXBuildFile; fileRef = 04DCA7AD1CBE7B1000E2E184 /* CommentWriteCell.swift */; };
		04DCA7B01CC1E19600E2E184 /* CommentWriteCellDelegate.swift in Sources */ = {isa = PBXBuildFile; fileRef = 04DCA7AF1CC1E19600E2E184 /* CommentWriteCellDelegate.swift */; };
		04EFEC921D044A9A00FE9DF3 /* PagingMenuViewController.swift in Sources */ = {isa = PBXBuildFile; fileRef = 04EFEC911D044A9A00FE9DF3 /* PagingMenuViewController.swift */; };
		04EFEC941D044B0C00FE9DF3 /* HistoryOfReadController.swift in Sources */ = {isa = PBXBuildFile; fileRef = 04EFEC931D044B0C00FE9DF3 /* HistoryOfReadController.swift */; };
		04F1CC0D1CEDE25F00AD5D87 /* BestBoardViewController.swift in Sources */ = {isa = PBXBuildFile; fileRef = 04F1CC0C1CEDE25F00AD5D87 /* BestBoardViewController.swift */; };
		04F1CC1F1CEE188400AD5D87 /* SettingTableView.swift in Sources */ = {isa = PBXBuildFile; fileRef = 04F1CC1E1CEE188400AD5D87 /* SettingTableView.swift */; };
		159C1F1FF3E816E76889C0A1 /* Pods_Ssajul.framework in Frameworks */ = {isa = PBXBuildFile; fileRef = 08EA16834B36E2D1DCE21D98 /* Pods_Ssajul.framework */; };
		4D9D699C1C80605F000F4104 /* ItemCell.swift in Sources */ = {isa = PBXBuildFile; fileRef = 4D9D699B1C80605F000F4104 /* ItemCell.swift */; };
		4D9D699E1C89CCB3000F4104 /* ItemTableViewController.swift in Sources */ = {isa = PBXBuildFile; fileRef = 4D9D699D1C89CCB3000F4104 /* ItemTableViewController.swift */; };
		4D9D69A01C8F201E000F4104 /* ContentHeaderCell.swift in Sources */ = {isa = PBXBuildFile; fileRef = 4D9D699F1C8F201E000F4104 /* ContentHeaderCell.swift */; };
/* End PBXBuildFile section */

/* Begin PBXContainerItemProxy section */
		040CB5001C5F7CEC00C67432 /* PBXContainerItemProxy */ = {
			isa = PBXContainerItemProxy;
			containerPortal = 040CB4E11C5F7CEC00C67432 /* Project object */;
			proxyType = 1;
			remoteGlobalIDString = 040CB4E81C5F7CEC00C67432;
			remoteInfo = Ssajul;
		};
/* End PBXContainerItemProxy section */

/* Begin PBXFileReference section */
		0401EFB11D24112100851222 /* messi.png */ = {isa = PBXFileReference; lastKnownFileType = image.png; path = messi.png; sourceTree = "<group>"; };
		0401EFB41D2415CF00851222 /* ItemListAdViewController.swift */ = {isa = PBXFileReference; fileEncoding = 4; lastKnownFileType = sourcecode.swift; path = ItemListAdViewController.swift; sourceTree = "<group>"; };
		040973D31CCBAF8B008ABCA9 /* History.swift */ = {isa = PBXFileReference; fileEncoding = 4; lastKnownFileType = sourcecode.swift; path = History.swift; sourceTree = "<group>"; };
		040CB4E91C5F7CEC00C67432 /* Ssajul.app */ = {isa = PBXFileReference; explicitFileType = wrapper.application; includeInIndex = 0; path = Ssajul.app; sourceTree = BUILT_PRODUCTS_DIR; };
		040CB4EC1C5F7CEC00C67432 /* AppDelegate.swift */ = {isa = PBXFileReference; lastKnownFileType = sourcecode.swift; path = AppDelegate.swift; sourceTree = "<group>"; };
		040CB4EE1C5F7CEC00C67432 /* BoardViewController.swift */ = {isa = PBXFileReference; lastKnownFileType = sourcecode.swift; path = BoardViewController.swift; sourceTree = "<group>"; };
		040CB4F31C5F7CEC00C67432 /* Base */ = {isa = PBXFileReference; lastKnownFileType = file.storyboard; name = Base; path = Base.lproj/Main.storyboard; sourceTree = "<group>"; };
		040CB4F51C5F7CEC00C67432 /* Assets.xcassets */ = {isa = PBXFileReference; lastKnownFileType = folder.assetcatalog; path = Assets.xcassets; sourceTree = "<group>"; };
		040CB4F81C5F7CEC00C67432 /* Base */ = {isa = PBXFileReference; lastKnownFileType = file.storyboard; name = Base; path = Base.lproj/LaunchScreen.storyboard; sourceTree = "<group>"; };
		040CB4FA1C5F7CEC00C67432 /* Info.plist */ = {isa = PBXFileReference; lastKnownFileType = text.plist.xml; path = Info.plist; sourceTree = "<group>"; };
		040CB4FF1C5F7CEC00C67432 /* SsajulTests.xctest */ = {isa = PBXFileReference; explicitFileType = wrapper.cfbundle; includeInIndex = 0; path = SsajulTests.xctest; sourceTree = BUILT_PRODUCTS_DIR; };
		040CB5031C5F7CEC00C67432 /* SsajulTests.swift */ = {isa = PBXFileReference; lastKnownFileType = sourcecode.swift; path = SsajulTests.swift; sourceTree = "<group>"; };
		040CB5051C5F7CEC00C67432 /* Info.plist */ = {isa = PBXFileReference; lastKnownFileType = text.plist.xml; path = Info.plist; sourceTree = "<group>"; };
		040CB50E1C5F7CEC00C67432 /* SsajulUITests.swift */ = {isa = PBXFileReference; lastKnownFileType = sourcecode.swift; path = SsajulUITests.swift; sourceTree = "<group>"; };
		040CB5101C5F7CEC00C67432 /* Info.plist */ = {isa = PBXFileReference; lastKnownFileType = text.plist.xml; path = Info.plist; sourceTree = "<group>"; };
		0425B7DF1D08642E00308734 /* HistoryTableViewBase.swift */ = {isa = PBXFileReference; fileEncoding = 4; lastKnownFileType = sourcecode.swift; path = HistoryTableViewBase.swift; sourceTree = "<group>"; };
		042CD7111CEF6C4A00519EE0 /* ronaldo.jpg */ = {isa = PBXFileReference; lastKnownFileType = image.jpeg; path = ronaldo.jpg; sourceTree = "<group>"; };
		042CD7131CEF6F8D00519EE0 /* ronaldo-pirelli.jpg */ = {isa = PBXFileReference; lastKnownFileType = image.jpeg; path = "ronaldo-pirelli.jpg"; sourceTree = "<group>"; };
		04573A331DC8D53700582062 /* UIKit.framework */ = {isa = PBXFileReference; lastKnownFileType = wrapper.framework; name = UIKit.framework; path = System/Library/Frameworks/UIKit.framework; sourceTree = SDKROOT; };
		046625081C96EA20006BB90F /* CommentCell.swift */ = {isa = PBXFileReference; fileEncoding = 4; lastKnownFileType = sourcecode.swift; path = CommentCell.swift; sourceTree = "<group>"; };
		046ED10F1D350E7100F7D6A6 /* coachronaldo.jpg */ = {isa = PBXFileReference; lastKnownFileType = image.jpeg; path = coachronaldo.jpg; sourceTree = "<group>"; };
		046ED1111D350EDC00F7D6A6 /* champs.jpg */ = {isa = PBXFileReference; lastKnownFileType = image.jpeg; path = champs.jpg; sourceTree = "<group>"; };
		047742581D63482A00C6B267 /* coaches-300x169.jpg */ = {isa = PBXFileReference; lastKnownFileType = image.jpeg; path = "coaches-300x169.jpg"; sourceTree = "<group>"; };
		0477425A1D6348D100C6B267 /* epl-predictions-1471019967-800.jpg */ = {isa = PBXFileReference; lastKnownFileType = image.jpeg; path = "epl-predictions-1471019967-800.jpg"; sourceTree = "<group>"; };
		047D24381CB291FC00148EBC /* LoginViewController.swift */ = {isa = PBXFileReference; fileEncoding = 4; lastKnownFileType = sourcecode.swift; path = LoginViewController.swift; sourceTree = "<group>"; };
		0483C70D1D10655F00D053BE /* AdCell.swift */ = {isa = PBXFileReference; fileEncoding = 4; lastKnownFileType = sourcecode.swift; path = AdCell.swift; sourceTree = "<group>"; };
		048466CD1CC1EB1100A19919 /* ItemWriteViewController.swift */ = {isa = PBXFileReference; fileEncoding = 4; lastKnownFileType = sourcecode.swift; path = ItemWriteViewController.swift; sourceTree = "<group>"; };
		04948B961DE1A3CA00FA44CD /* Security.framework */ = {isa = PBXFileReference; lastKnownFileType = wrapper.framework; name = Security.framework; path = System/Library/Frameworks/Security.framework; sourceTree = SDKROOT; };
		04948B991DE33EFB00FA44CD /* BoardAdViewController.swift */ = {isa = PBXFileReference; fileEncoding = 4; lastKnownFileType = sourcecode.swift; path = BoardAdViewController.swift; sourceTree = "<group>"; };
		04948B9B1DE47A1A00FA44CD /* ContentAdViewController.swift */ = {isa = PBXFileReference; fileEncoding = 4; lastKnownFileType = sourcecode.swift; path = ContentAdViewController.swift; sourceTree = "<group>"; };
		04A1EB8A1CDA49C400022201 /* SSajulDatabase.swift */ = {isa = PBXFileReference; fileEncoding = 4; lastKnownFileType = sourcecode.swift; path = SSajulDatabase.swift; sourceTree = "<group>"; };
		04ADCD711DE01CF1009FE63A /* EUCKREncoding.swift */ = {isa = PBXFileReference; fileEncoding = 4; lastKnownFileType = sourcecode.swift; path = EUCKREncoding.swift; sourceTree = "<group>"; };
		04B4CA731DD0B698009440E1 /* libAdamPublisher.a */ = {isa = PBXFileReference; lastKnownFileType = archive.ar; name = libAdamPublisher.a; path = Ssajul/Library/libAdamPublisher.a; sourceTree = "<group>"; };
		04B72B2E1D0733D7003A6934 /* HistoryOfFavoriteController.swift */ = {isa = PBXFileReference; fileEncoding = 4; lastKnownFileType = sourcecode.swift; path = HistoryOfFavoriteController.swift; sourceTree = "<group>"; };
		04B72B301D073545003A6934 /* HistoryOfCommentController.swift */ = {isa = PBXFileReference; fileEncoding = 4; lastKnownFileType = sourcecode.swift; path = HistoryOfCommentController.swift; sourceTree = "<group>"; };
		04B872961DCA0C7500A5BCEB /* Foundation.framework */ = {isa = PBXFileReference; lastKnownFileType = wrapper.framework; name = Foundation.framework; path = System/Library/Frameworks/Foundation.framework; sourceTree = SDKROOT; };
		04B872981DCA0C7D00A5BCEB /* CoreGraphics.framework */ = {isa = PBXFileReference; lastKnownFileType = wrapper.framework; name = CoreGraphics.framework; path = System/Library/Frameworks/CoreGraphics.framework; sourceTree = SDKROOT; };
		04B8729A1DCA0C8800A5BCEB /* MobileCoreServices.framework */ = {isa = PBXFileReference; lastKnownFileType = wrapper.framework; name = MobileCoreServices.framework; path = System/Library/Frameworks/MobileCoreServices.framework; sourceTree = SDKROOT; };
		04B8729C1DCA0C9300A5BCEB /* CFNetwork.framework */ = {isa = PBXFileReference; lastKnownFileType = wrapper.framework; name = CFNetwork.framework; path = System/Library/Frameworks/CFNetwork.framework; sourceTree = SDKROOT; };
		04B8729E1DCA0C9E00A5BCEB /* SystemConfiguration.framework */ = {isa = PBXFileReference; lastKnownFileType = wrapper.framework; name = SystemConfiguration.framework; path = System/Library/Frameworks/SystemConfiguration.framework; sourceTree = SDKROOT; };
		04B872A01DCA0CA500A5BCEB /* CoreLocation.framework */ = {isa = PBXFileReference; lastKnownFileType = wrapper.framework; name = CoreLocation.framework; path = System/Library/Frameworks/CoreLocation.framework; sourceTree = SDKROOT; };
		04B872A21DCA0CAE00A5BCEB /* CoreTelephony.framework */ = {isa = PBXFileReference; lastKnownFileType = wrapper.framework; name = CoreTelephony.framework; path = System/Library/Frameworks/CoreTelephony.framework; sourceTree = SDKROOT; };
		04B872A41DCA0CB600A5BCEB /* MediaPlayer.framework */ = {isa = PBXFileReference; lastKnownFileType = wrapper.framework; name = MediaPlayer.framework; path = System/Library/Frameworks/MediaPlayer.framework; sourceTree = SDKROOT; };
		04B872A61DCA0CBF00A5BCEB /* EventKit.framework */ = {isa = PBXFileReference; lastKnownFileType = wrapper.framework; name = EventKit.framework; path = System/Library/Frameworks/EventKit.framework; sourceTree = SDKROOT; };
		04B872A71DCA0CBF00A5BCEB /* EventKitUI.framework */ = {isa = PBXFileReference; lastKnownFileType = wrapper.framework; name = EventKitUI.framework; path = System/Library/Frameworks/EventKitUI.framework; sourceTree = SDKROOT; };
		04B872AA1DCA0CC500A5BCEB /* AssetsLibrary.framework */ = {isa = PBXFileReference; lastKnownFileType = wrapper.framework; name = AssetsLibrary.framework; path = System/Library/Frameworks/AssetsLibrary.framework; sourceTree = SDKROOT; };
		04B872AC1DCA0CCB00A5BCEB /* AdSupport.framework */ = {isa = PBXFileReference; lastKnownFileType = wrapper.framework; name = AdSupport.framework; path = System/Library/Frameworks/AdSupport.framework; sourceTree = SDKROOT; };
		04B872AE1DCA0CD600A5BCEB /* libz.1.2.5.tbd */ = {isa = PBXFileReference; lastKnownFileType = "sourcecode.text-based-dylib-definition"; name = libz.1.2.5.tbd; path = usr/lib/libz.1.2.5.tbd; sourceTree = SDKROOT; };
		04B872BA1DCA254000A5BCEB /* libAdamPublisher.a */ = {isa = PBXFileReference; lastKnownFileType = archive.ar; name = libAdamPublisher.a; path = "../../../Downloads/adfit-ios-sdk-master/Library/libAdamPublisher.a"; sourceTree = "<group>"; };
		04B872BC1DCA2B6E00A5BCEB /* Ssajul-Bridging-Header.h */ = {isa = PBXFileReference; lastKnownFileType = sourcecode.c.h; path = "Ssajul-Bridging-Header.h"; sourceTree = "<group>"; };
		04B872BD1DCA2B6F00A5BCEB /* AdamAdView.h */ = {isa = PBXFileReference; fileEncoding = 4; lastKnownFileType = sourcecode.c.h; path = AdamAdView.h; sourceTree = "<group>"; };
		04B872BE1DCA2B6F00A5BCEB /* AdamAdWrapperView.h */ = {isa = PBXFileReference; fileEncoding = 4; lastKnownFileType = sourcecode.c.h; path = AdamAdWrapperView.h; sourceTree = "<group>"; };
		04B872BF1DCA2B6F00A5BCEB /* AdamAdWrapperView.m */ = {isa = PBXFileReference; fileEncoding = 4; lastKnownFileType = sourcecode.c.objc; path = AdamAdWrapperView.m; sourceTree = "<group>"; };
		04B872C01DCA2B6F00A5BCEB /* AdamError.h */ = {isa = PBXFileReference; fileEncoding = 4; lastKnownFileType = sourcecode.c.h; path = AdamError.h; sourceTree = "<group>"; };
		04B872C11DCA2B6F00A5BCEB /* AdamInterstitial.h */ = {isa = PBXFileReference; fileEncoding = 4; lastKnownFileType = sourcecode.c.h; path = AdamInterstitial.h; sourceTree = "<group>"; };
		04D0FF1A1C7C830300B204C4 /* Board.swift */ = {isa = PBXFileReference; fileEncoding = 4; lastKnownFileType = sourcecode.swift; path = Board.swift; sourceTree = "<group>"; };
		04D0FF1C1C7C84C300B204C4 /* Item.swift */ = {isa = PBXFileReference; fileEncoding = 4; lastKnownFileType = sourcecode.swift; path = Item.swift; sourceTree = "<group>"; };
		04D0FF1E1C7C84DE00B204C4 /* Comment.swift */ = {isa = PBXFileReference; fileEncoding = 4; lastKnownFileType = sourcecode.swift; path = Comment.swift; sourceTree = "<group>"; };
		04D0FF241C7C94E000B204C4 /* SSajulClient.swift */ = {isa = PBXFileReference; fileEncoding = 4; lastKnownFileType = sourcecode.swift; path = SSajulClient.swift; sourceTree = "<group>"; };
		04D6BCEB1CC542F500925F4A /* String.swift */ = {isa = PBXFileReference; fileEncoding = 4; lastKnownFileType = sourcecode.swift; path = String.swift; sourceTree = "<group>"; };
		04D6BCED1CC6711F00925F4A /* QuartzCore.framework */ = {isa = PBXFileReference; lastKnownFileType = wrapper.framework; name = QuartzCore.framework; path = System/Library/Frameworks/QuartzCore.framework; sourceTree = SDKROOT; };
		04D6BCF11CC686EF00925F4A /* Clock-25.png */ = {isa = PBXFileReference; lastKnownFileType = image.png; path = "Clock-25.png"; sourceTree = "<group>"; };
		04D6BCF31CC6889B00925F4A /* Clock-30.png */ = {isa = PBXFileReference; lastKnownFileType = image.png; path = "Clock-30.png"; sourceTree = "<group>"; };
		04DCA7AD1CBE7B1000E2E184 /* CommentWriteCell.swift */ = {isa = PBXFileReference; fileEncoding = 4; lastKnownFileType = sourcecode.swift; path = CommentWriteCell.swift; sourceTree = "<group>"; };
		04DCA7AF1CC1E19600E2E184 /* CommentWriteCellDelegate.swift */ = {isa = PBXFileReference; fileEncoding = 4; lastKnownFileType = sourcecode.swift; path = CommentWriteCellDelegate.swift; sourceTree = "<group>"; };
		04EFEC911D044A9A00FE9DF3 /* PagingMenuViewController.swift */ = {isa = PBXFileReference; fileEncoding = 4; lastKnownFileType = sourcecode.swift; path = PagingMenuViewController.swift; sourceTree = "<group>"; };
		04EFEC931D044B0C00FE9DF3 /* HistoryOfReadController.swift */ = {isa = PBXFileReference; fileEncoding = 4; lastKnownFileType = sourcecode.swift; path = HistoryOfReadController.swift; sourceTree = "<group>"; };
		04F1CC0C1CEDE25F00AD5D87 /* BestBoardViewController.swift */ = {isa = PBXFileReference; fileEncoding = 4; lastKnownFileType = sourcecode.swift; path = BestBoardViewController.swift; sourceTree = "<group>"; };
		04F1CC1E1CEE188400AD5D87 /* SettingTableView.swift */ = {isa = PBXFileReference; fileEncoding = 4; lastKnownFileType = sourcecode.swift; path = SettingTableView.swift; sourceTree = "<group>"; };
		06AC94D76EB323A467BA1EB6 /* Pods.framework */ = {isa = PBXFileReference; explicitFileType = wrapper.framework; includeInIndex = 0; path = Pods.framework; sourceTree = BUILT_PRODUCTS_DIR; };
		08EA16834B36E2D1DCE21D98 /* Pods_Ssajul.framework */ = {isa = PBXFileReference; explicitFileType = wrapper.framework; includeInIndex = 0; path = Pods_Ssajul.framework; sourceTree = BUILT_PRODUCTS_DIR; };
		3544073CBAAA4937DE4AE6B5 /* Pods-Ssajul.debug.xcconfig */ = {isa = PBXFileReference; includeInIndex = 1; lastKnownFileType = text.xcconfig; name = "Pods-Ssajul.debug.xcconfig"; path = "Pods/Target Support Files/Pods-Ssajul/Pods-Ssajul.debug.xcconfig"; sourceTree = "<group>"; };
		4D9D699B1C80605F000F4104 /* ItemCell.swift */ = {isa = PBXFileReference; fileEncoding = 4; lastKnownFileType = sourcecode.swift; path = ItemCell.swift; sourceTree = "<group>"; };
		4D9D699D1C89CCB3000F4104 /* ItemTableViewController.swift */ = {isa = PBXFileReference; fileEncoding = 4; lastKnownFileType = sourcecode.swift; path = ItemTableViewController.swift; sourceTree = "<group>"; };
		4D9D699F1C8F201E000F4104 /* ContentHeaderCell.swift */ = {isa = PBXFileReference; fileEncoding = 4; lastKnownFileType = sourcecode.swift; path = ContentHeaderCell.swift; sourceTree = "<group>"; };
		E3A783730FEFE727ED167A7A /* Pods-Ssajul.release.xcconfig */ = {isa = PBXFileReference; includeInIndex = 1; lastKnownFileType = text.xcconfig; name = "Pods-Ssajul.release.xcconfig"; path = "Pods/Target Support Files/Pods-Ssajul/Pods-Ssajul.release.xcconfig"; sourceTree = "<group>"; };
/* End PBXFileReference section */

/* Begin PBXFrameworksBuildPhase section */
		040CB4E61C5F7CEC00C67432 /* Frameworks */ = {
			isa = PBXFrameworksBuildPhase;
			buildActionMask = 2147483647;
			files = (
				04948B971DE1A3CA00FA44CD /* Security.framework in Frameworks */,
				04B4CA741DD0B698009440E1 /* libAdamPublisher.a in Frameworks */,
				04B872AF1DCA0CD600A5BCEB /* libz.1.2.5.tbd in Frameworks */,
				04B872AD1DCA0CCB00A5BCEB /* AdSupport.framework in Frameworks */,
				04B872AB1DCA0CC500A5BCEB /* AssetsLibrary.framework in Frameworks */,
				04B872A81DCA0CBF00A5BCEB /* EventKit.framework in Frameworks */,
				04B872A91DCA0CBF00A5BCEB /* EventKitUI.framework in Frameworks */,
				04B872A51DCA0CB600A5BCEB /* MediaPlayer.framework in Frameworks */,
				04B872A31DCA0CAE00A5BCEB /* CoreTelephony.framework in Frameworks */,
				04B872A11DCA0CA500A5BCEB /* CoreLocation.framework in Frameworks */,
				04B8729F1DCA0C9E00A5BCEB /* SystemConfiguration.framework in Frameworks */,
				04B8729D1DCA0C9300A5BCEB /* CFNetwork.framework in Frameworks */,
				04B8729B1DCA0C8800A5BCEB /* MobileCoreServices.framework in Frameworks */,
				04B872991DCA0C7D00A5BCEB /* CoreGraphics.framework in Frameworks */,
				04B872971DCA0C7500A5BCEB /* Foundation.framework in Frameworks */,
				04B872951DCA0C6D00A5BCEB /* UIKit.framework in Frameworks */,
				04D6BCEE1CC6711F00925F4A /* QuartzCore.framework in Frameworks */,
				159C1F1FF3E816E76889C0A1 /* Pods_Ssajul.framework in Frameworks */,
			);
			runOnlyForDeploymentPostprocessing = 0;
		};
		040CB4FC1C5F7CEC00C67432 /* Frameworks */ = {
			isa = PBXFrameworksBuildPhase;
			buildActionMask = 2147483647;
			files = (
			);
			runOnlyForDeploymentPostprocessing = 0;
		};
/* End PBXFrameworksBuildPhase section */

/* Begin PBXGroup section */
		0401EFB31D24158A00851222 /* ItemListVC */ = {
			isa = PBXGroup;
			children = (
				0401EFB41D2415CF00851222 /* ItemListAdViewController.swift */,
			);
			name = ItemListVC;
			sourceTree = "<group>";
		};
		040CB4E01C5F7CEC00C67432 = {
			isa = PBXGroup;
			children = (
				040CB4EB1C5F7CEC00C67432 /* Ssajul */,
				040CB5021C5F7CEC00C67432 /* SsajulTests */,
				040CB50D1C5F7CEC00C67432 /* SsajulUITests */,
				040CB4EA1C5F7CEC00C67432 /* Products */,
				3CF13E5C983265C09A61FF89 /* Frameworks */,
				C0AAD1B2344CA8C8782BC6CB /* Pods */,
			);
			sourceTree = "<group>";
		};
		040CB4EA1C5F7CEC00C67432 /* Products */ = {
			isa = PBXGroup;
			children = (
				040CB4E91C5F7CEC00C67432 /* Ssajul.app */,
				040CB4FF1C5F7CEC00C67432 /* SsajulTests.xctest */,
			);
			name = Products;
			sourceTree = "<group>";
		};
		040CB4EB1C5F7CEC00C67432 /* Ssajul */ = {
			isa = PBXGroup;
			children = (
				04B872B01DCA24DA00A5BCEB /* Ad */,
				042CD7101CEF6C1100519EE0 /* Resource */,
				04D6BCE91CC542C000925F4A /* extension */,
				04D6BCD71CC52D7800925F4A /* icons */,
				4D9D699A1C80602A000F4104 /* Cell */,
				04D0FF231C7C94AE00B204C4 /* Util */,
				04D0FF201C7C934700B204C4 /* View Controller */,
				04D0FF191C7C82D100B204C4 /* Model */,
				040CB4EC1C5F7CEC00C67432 /* AppDelegate.swift */,
				040CB4F21C5F7CEC00C67432 /* Main.storyboard */,
				040CB4F51C5F7CEC00C67432 /* Assets.xcassets */,
				040CB4F71C5F7CEC00C67432 /* LaunchScreen.storyboard */,
				040CB4FA1C5F7CEC00C67432 /* Info.plist */,
			);
			path = Ssajul;
			sourceTree = "<group>";
		};
		040CB5021C5F7CEC00C67432 /* SsajulTests */ = {
			isa = PBXGroup;
			children = (
				040CB5031C5F7CEC00C67432 /* SsajulTests.swift */,
				040CB5051C5F7CEC00C67432 /* Info.plist */,
			);
			path = SsajulTests;
			sourceTree = "<group>";
		};
		040CB50D1C5F7CEC00C67432 /* SsajulUITests */ = {
			isa = PBXGroup;
			children = (
				040CB50E1C5F7CEC00C67432 /* SsajulUITests.swift */,
				040CB5101C5F7CEC00C67432 /* Info.plist */,
			);
			path = SsajulUITests;
			sourceTree = "<group>";
		};
		042CD7101CEF6C1100519EE0 /* Resource */ = {
			isa = PBXGroup;
			children = (
				0477425A1D6348D100C6B267 /* epl-predictions-1471019967-800.jpg */,
				047742581D63482A00C6B267 /* coaches-300x169.jpg */,
				042CD7131CEF6F8D00519EE0 /* ronaldo-pirelli.jpg */,
				042CD7111CEF6C4A00519EE0 /* ronaldo.jpg */,
				0401EFB11D24112100851222 /* messi.png */,
				046ED10F1D350E7100F7D6A6 /* coachronaldo.jpg */,
				046ED1111D350EDC00F7D6A6 /* champs.jpg */,
			);
			name = Resource;
			sourceTree = "<group>";
		};
		0483C70C1D10651400D053BE /* ContentVC */ = {
			isa = PBXGroup;
			children = (
				4D9D699D1C89CCB3000F4104 /* ItemTableViewController.swift */,
				04948B9B1DE47A1A00FA44CD /* ContentAdViewController.swift */,
			);
			name = ContentVC;
			sourceTree = "<group>";
		};
		04948B981DE33ED000FA44CD /* BoardVC */ = {
			isa = PBXGroup;
			children = (
				04948B991DE33EFB00FA44CD /* BoardAdViewController.swift */,
			);
			name = BoardVC;
			sourceTree = "<group>";
		};
		04B872B01DCA24DA00A5BCEB /* Ad */ = {
			isa = PBXGroup;
			children = (
				04B872BD1DCA2B6F00A5BCEB /* AdamAdView.h */,
				04B872BE1DCA2B6F00A5BCEB /* AdamAdWrapperView.h */,
				04B872BF1DCA2B6F00A5BCEB /* AdamAdWrapperView.m */,
				04B872C01DCA2B6F00A5BCEB /* AdamError.h */,
				04B872C11DCA2B6F00A5BCEB /* AdamInterstitial.h */,
				04B872BC1DCA2B6E00A5BCEB /* Ssajul-Bridging-Header.h */,
			);
			name = Ad;
			sourceTree = "<group>";
		};
		04D0FF191C7C82D100B204C4 /* Model */ = {
			isa = PBXGroup;
			children = (
				04D0FF1A1C7C830300B204C4 /* Board.swift */,
				04D0FF1C1C7C84C300B204C4 /* Item.swift */,
				04D0FF1E1C7C84DE00B204C4 /* Comment.swift */,
				040973D31CCBAF8B008ABCA9 /* History.swift */,
			);
			name = Model;
			sourceTree = "<group>";
		};
		04D0FF201C7C934700B204C4 /* View Controller */ = {
			isa = PBXGroup;
			children = (
				04948B981DE33ED000FA44CD /* BoardVC */,
				0401EFB31D24158A00851222 /* ItemListVC */,
				0483C70C1D10651400D053BE /* ContentVC */,
				04EFEC961D046F9300FE9DF3 /* Setting */,
				04EFEC951D046F8600FE9DF3 /* BestVC */,
				04EFEC901D04477E00FE9DF3 /* HistoryVC */,
				040CB4EE1C5F7CEC00C67432 /* BoardViewController.swift */,
				047D24381CB291FC00148EBC /* LoginViewController.swift */,
				048466CD1CC1EB1100A19919 /* ItemWriteViewController.swift */,
			);
			name = "View Controller";
			sourceTree = "<group>";
		};
		04D0FF231C7C94AE00B204C4 /* Util */ = {
			isa = PBXGroup;
			children = (
				04D0FF241C7C94E000B204C4 /* SSajulClient.swift */,
				04A1EB8A1CDA49C400022201 /* SSajulDatabase.swift */,
				04ADCD711DE01CF1009FE63A /* EUCKREncoding.swift */,
			);
			name = Util;
			sourceTree = "<group>";
		};
		04D6BCD71CC52D7800925F4A /* icons */ = {
			isa = PBXGroup;
			children = (
				04D6BCF11CC686EF00925F4A /* Clock-25.png */,
				04D6BCF31CC6889B00925F4A /* Clock-30.png */,
			);
			name = icons;
			sourceTree = "<group>";
		};
		04D6BCE91CC542C000925F4A /* extension */ = {
			isa = PBXGroup;
			children = (
				04D6BCEB1CC542F500925F4A /* String.swift */,
			);
			name = extension;
			sourceTree = "<group>";
		};
		04EFEC901D04477E00FE9DF3 /* HistoryVC */ = {
			isa = PBXGroup;
			children = (
				04EFEC911D044A9A00FE9DF3 /* PagingMenuViewController.swift */,
				04EFEC931D044B0C00FE9DF3 /* HistoryOfReadController.swift */,
				04B72B2E1D0733D7003A6934 /* HistoryOfFavoriteController.swift */,
				04B72B301D073545003A6934 /* HistoryOfCommentController.swift */,
				0425B7DF1D08642E00308734 /* HistoryTableViewBase.swift */,
			);
			name = HistoryVC;
			sourceTree = "<group>";
		};
		04EFEC951D046F8600FE9DF3 /* BestVC */ = {
			isa = PBXGroup;
			children = (
				04F1CC0C1CEDE25F00AD5D87 /* BestBoardViewController.swift */,
			);
			name = BestVC;
			sourceTree = "<group>";
		};
		04EFEC961D046F9300FE9DF3 /* Setting */ = {
			isa = PBXGroup;
			children = (
				04F1CC1E1CEE188400AD5D87 /* SettingTableView.swift */,
			);
			name = Setting;
			sourceTree = "<group>";
		};
		3CF13E5C983265C09A61FF89 /* Frameworks */ = {
			isa = PBXGroup;
			children = (
				04948B961DE1A3CA00FA44CD /* Security.framework */,
				04B4CA731DD0B698009440E1 /* libAdamPublisher.a */,
				04B872BA1DCA254000A5BCEB /* libAdamPublisher.a */,
				04B872AE1DCA0CD600A5BCEB /* libz.1.2.5.tbd */,
				04B872AC1DCA0CCB00A5BCEB /* AdSupport.framework */,
				04B872AA1DCA0CC500A5BCEB /* AssetsLibrary.framework */,
				04B872A61DCA0CBF00A5BCEB /* EventKit.framework */,
				04B872A71DCA0CBF00A5BCEB /* EventKitUI.framework */,
				04B872A41DCA0CB600A5BCEB /* MediaPlayer.framework */,
				04B872A21DCA0CAE00A5BCEB /* CoreTelephony.framework */,
				04B872A01DCA0CA500A5BCEB /* CoreLocation.framework */,
				04B8729E1DCA0C9E00A5BCEB /* SystemConfiguration.framework */,
				04B8729C1DCA0C9300A5BCEB /* CFNetwork.framework */,
				04B8729A1DCA0C8800A5BCEB /* MobileCoreServices.framework */,
				04B872981DCA0C7D00A5BCEB /* CoreGraphics.framework */,
				04B872961DCA0C7500A5BCEB /* Foundation.framework */,
				04573A331DC8D53700582062 /* UIKit.framework */,
				04D6BCED1CC6711F00925F4A /* QuartzCore.framework */,
				06AC94D76EB323A467BA1EB6 /* Pods.framework */,
				08EA16834B36E2D1DCE21D98 /* Pods_Ssajul.framework */,
			);
			name = Frameworks;
			sourceTree = "<group>";
		};
		4D9D699A1C80602A000F4104 /* Cell */ = {
			isa = PBXGroup;
			children = (
				4D9D699B1C80605F000F4104 /* ItemCell.swift */,
				4D9D699F1C8F201E000F4104 /* ContentHeaderCell.swift */,
				046625081C96EA20006BB90F /* CommentCell.swift */,
				04DCA7AD1CBE7B1000E2E184 /* CommentWriteCell.swift */,
				04DCA7AF1CC1E19600E2E184 /* CommentWriteCellDelegate.swift */,
				0483C70D1D10655F00D053BE /* AdCell.swift */,
			);
			name = Cell;
			sourceTree = "<group>";
		};
		C0AAD1B2344CA8C8782BC6CB /* Pods */ = {
			isa = PBXGroup;
			children = (
				3544073CBAAA4937DE4AE6B5 /* Pods-Ssajul.debug.xcconfig */,
				E3A783730FEFE727ED167A7A /* Pods-Ssajul.release.xcconfig */,
			);
			name = Pods;
			sourceTree = "<group>";
		};
/* End PBXGroup section */

/* Begin PBXNativeTarget section */
		040CB4E81C5F7CEC00C67432 /* Ssajul */ = {
			isa = PBXNativeTarget;
			buildConfigurationList = 040CB5131C5F7CEC00C67432 /* Build configuration list for PBXNativeTarget "Ssajul" */;
			buildPhases = (
				B78DF7F4AE416456FDA80B0D /* [CP] Check Pods Manifest.lock */,
				040CB4E51C5F7CEC00C67432 /* Sources */,
				040CB4E61C5F7CEC00C67432 /* Frameworks */,
				040CB4E71C5F7CEC00C67432 /* Resources */,
				A22A00C3ED3975EB9D0E07A4 /* [CP] Embed Pods Frameworks */,
				944AA9751F25EEEDA46F33E3 /* [CP] Copy Pods Resources */,
				04B72B2D1D06F1D3003A6934 /* ShellScript */,
			);
			buildRules = (
			);
			dependencies = (
			);
			name = Ssajul;
			productName = Ssajul;
			productReference = 040CB4E91C5F7CEC00C67432 /* Ssajul.app */;
			productType = "com.apple.product-type.application";
		};
		040CB4FE1C5F7CEC00C67432 /* SsajulTests */ = {
			isa = PBXNativeTarget;
			buildConfigurationList = 040CB5161C5F7CEC00C67432 /* Build configuration list for PBXNativeTarget "SsajulTests" */;
			buildPhases = (
				040CB4FB1C5F7CEC00C67432 /* Sources */,
				040CB4FC1C5F7CEC00C67432 /* Frameworks */,
				040CB4FD1C5F7CEC00C67432 /* Resources */,
			);
			buildRules = (
			);
			dependencies = (
				040CB5011C5F7CEC00C67432 /* PBXTargetDependency */,
			);
			name = SsajulTests;
			productName = SsajulTests;
			productReference = 040CB4FF1C5F7CEC00C67432 /* SsajulTests.xctest */;
			productType = "com.apple.product-type.bundle.unit-test";
		};
/* End PBXNativeTarget section */

/* Begin PBXProject section */
		040CB4E11C5F7CEC00C67432 /* Project object */ = {
			isa = PBXProject;
			attributes = {
				LastSwiftUpdateCheck = 0720;
				LastUpgradeCheck = 0800;
				ORGANIZATIONNAME = youngchill;
				TargetAttributes = {
					040CB4E81C5F7CEC00C67432 = {
						CreatedOnToolsVersion = 7.2;
						DevelopmentTeam = FWRVVC92ZP;
						LastSwiftMigration = 0810;
					};
					040CB4FE1C5F7CEC00C67432 = {
						CreatedOnToolsVersion = 7.2;
						LastSwiftMigration = 0810;
						TestTargetID = 040CB4E81C5F7CEC00C67432;
					};
				};
			};
			buildConfigurationList = 040CB4E41C5F7CEC00C67432 /* Build configuration list for PBXProject "Ssajul" */;
			compatibilityVersion = "Xcode 3.2";
			developmentRegion = English;
			hasScannedForEncodings = 0;
			knownRegions = (
				en,
				Base,
			);
			mainGroup = 040CB4E01C5F7CEC00C67432;
			productRefGroup = 040CB4EA1C5F7CEC00C67432 /* Products */;
			projectDirPath = "";
			projectRoot = "";
			targets = (
				040CB4E81C5F7CEC00C67432 /* Ssajul */,
				040CB4FE1C5F7CEC00C67432 /* SsajulTests */,
			);
		};
/* End PBXProject section */

/* Begin PBXResourcesBuildPhase section */
		040CB4E71C5F7CEC00C67432 /* Resources */ = {
			isa = PBXResourcesBuildPhase;
			buildActionMask = 2147483647;
			files = (
				040CB4F91C5F7CEC00C67432 /* LaunchScreen.storyboard in Resources */,
				040CB4F61C5F7CEC00C67432 /* Assets.xcassets in Resources */,
				0477425B1D6348D100C6B267 /* epl-predictions-1471019967-800.jpg in Resources */,
				040CB4F41C5F7CEC00C67432 /* Main.storyboard in Resources */,
				04D6BCF21CC686EF00925F4A /* Clock-25.png in Resources */,
				042CD7121CEF6C4A00519EE0 /* ronaldo.jpg in Resources */,
				046ED1121D350EDC00F7D6A6 /* champs.jpg in Resources */,
				047742591D63482A00C6B267 /* coaches-300x169.jpg in Resources */,
				0401EFB21D24112100851222 /* messi.png in Resources */,
				046ED1101D350E7100F7D6A6 /* coachronaldo.jpg in Resources */,
				04D6BCF41CC6889B00925F4A /* Clock-30.png in Resources */,
				042CD7141CEF6F8D00519EE0 /* ronaldo-pirelli.jpg in Resources */,
			);
			runOnlyForDeploymentPostprocessing = 0;
		};
		040CB4FD1C5F7CEC00C67432 /* Resources */ = {
			isa = PBXResourcesBuildPhase;
			buildActionMask = 2147483647;
			files = (
			);
			runOnlyForDeploymentPostprocessing = 0;
		};
/* End PBXResourcesBuildPhase section */

/* Begin PBXShellScriptBuildPhase section */
		04B72B2D1D06F1D3003A6934 /* ShellScript */ = {
			isa = PBXShellScriptBuildPhase;
			buildActionMask = 2147483647;
			files = (
			);
			inputPaths = (
			);
			outputPaths = (
			);
			runOnlyForDeploymentPostprocessing = 0;
			shellPath = /bin/sh;
			shellScript = "\"${PODS_ROOT}/Fabric/run\" a53e060b38b8a950391ba987d624b45b632483a6 61b3696c01d450ab4a3f0aee8ef56767bab9f0038d3c7eea1f6d57e9c74bb9d1";
		};
		944AA9751F25EEEDA46F33E3 /* [CP] Copy Pods Resources */ = {
			isa = PBXShellScriptBuildPhase;
			buildActionMask = 2147483647;
			files = (
			);
			inputPaths = (
			);
			name = "[CP] Copy Pods Resources";
			outputPaths = (
			);
			runOnlyForDeploymentPostprocessing = 0;
			shellPath = /bin/sh;
			shellScript = "\"${SRCROOT}/Pods/Target Support Files/Pods-Ssajul/Pods-Ssajul-resources.sh\"\n";
			showEnvVarsInLog = 0;
		};
		A22A00C3ED3975EB9D0E07A4 /* [CP] Embed Pods Frameworks */ = {
			isa = PBXShellScriptBuildPhase;
			buildActionMask = 2147483647;
			files = (
			);
			inputPaths = (
			);
			name = "[CP] Embed Pods Frameworks";
			outputPaths = (
			);
			runOnlyForDeploymentPostprocessing = 0;
			shellPath = /bin/sh;
			shellScript = "\"${SRCROOT}/Pods/Target Support Files/Pods-Ssajul/Pods-Ssajul-frameworks.sh\"\n";
			showEnvVarsInLog = 0;
		};
		B78DF7F4AE416456FDA80B0D /* [CP] Check Pods Manifest.lock */ = {
			isa = PBXShellScriptBuildPhase;
			buildActionMask = 2147483647;
			files = (
			);
			inputPaths = (
			);
			name = "[CP] Check Pods Manifest.lock";
			outputPaths = (
			);
			runOnlyForDeploymentPostprocessing = 0;
			shellPath = /bin/sh;
			shellScript = "diff \"${PODS_ROOT}/../Podfile.lock\" \"${PODS_ROOT}/Manifest.lock\" > /dev/null\nif [ $? != 0 ] ; then\n    # print error to STDERR\n    echo \"error: The sandbox is not in sync with the Podfile.lock. Run 'pod install' or update your CocoaPods installation.\" >&2\n    exit 1\nfi\n";
			showEnvVarsInLog = 0;
		};
/* End PBXShellScriptBuildPhase section */

/* Begin PBXSourcesBuildPhase section */
		040CB4E51C5F7CEC00C67432 /* Sources */ = {
			isa = PBXSourcesBuildPhase;
			buildActionMask = 2147483647;
			files = (
				04948B9A1DE33EFB00FA44CD /* BoardAdViewController.swift in Sources */,
				0401EFB51D2415CF00851222 /* ItemListAdViewController.swift in Sources */,
				04D6BCEC1CC542F500925F4A /* String.swift in Sources */,
				047D24391CB291FC00148EBC /* LoginViewController.swift in Sources */,
				4D9D699E1C89CCB3000F4104 /* ItemTableViewController.swift in Sources */,
				04DCA7B01CC1E19600E2E184 /* CommentWriteCellDelegate.swift in Sources */,
				048466CE1CC1EB1100A19919 /* ItemWriteViewController.swift in Sources */,
				4D9D69A01C8F201E000F4104 /* ContentHeaderCell.swift in Sources */,
				04F1CC1F1CEE188400AD5D87 /* SettingTableView.swift in Sources */,
				04B872C21DCA2B6F00A5BCEB /* AdamAdWrapperView.m in Sources */,
				04DCA7AE1CBE7B1000E2E184 /* CommentWriteCell.swift in Sources */,
				0483C70E1D10655F00D053BE /* AdCell.swift in Sources */,
				040CB4EF1C5F7CEC00C67432 /* BoardViewController.swift in Sources */,
				4D9D699C1C80605F000F4104 /* ItemCell.swift in Sources */,
				04D0FF1B1C7C830300B204C4 /* Board.swift in Sources */,
				046625091C96EA20006BB90F /* CommentCell.swift in Sources */,
				040973D41CCBAF8B008ABCA9 /* History.swift in Sources */,
				0425B7E01D08642E00308734 /* HistoryTableViewBase.swift in Sources */,
				04EFEC941D044B0C00FE9DF3 /* HistoryOfReadController.swift in Sources */,
				04ADCD721DE01CF1009FE63A /* EUCKREncoding.swift in Sources */,
				04D0FF1F1C7C84DE00B204C4 /* Comment.swift in Sources */,
				04A1EB8B1CDA49C400022201 /* SSajulDatabase.swift in Sources */,
				04EFEC921D044A9A00FE9DF3 /* PagingMenuViewController.swift in Sources */,
				04D0FF251C7C94E000B204C4 /* SSajulClient.swift in Sources */,
				04F1CC0D1CEDE25F00AD5D87 /* BestBoardViewController.swift in Sources */,
				04B72B311D073545003A6934 /* HistoryOfCommentController.swift in Sources */,
				04B72B2F1D0733D7003A6934 /* HistoryOfFavoriteController.swift in Sources */,
				04948B9C1DE47A1A00FA44CD /* ContentAdViewController.swift in Sources */,
				04D0FF1D1C7C84C300B204C4 /* Item.swift in Sources */,
				040CB4ED1C5F7CEC00C67432 /* AppDelegate.swift in Sources */,
			);
			runOnlyForDeploymentPostprocessing = 0;
		};
		040CB4FB1C5F7CEC00C67432 /* Sources */ = {
			isa = PBXSourcesBuildPhase;
			buildActionMask = 2147483647;
			files = (
				040CB5041C5F7CEC00C67432 /* SsajulTests.swift in Sources */,
			);
			runOnlyForDeploymentPostprocessing = 0;
		};
/* End PBXSourcesBuildPhase section */

/* Begin PBXTargetDependency section */
		040CB5011C5F7CEC00C67432 /* PBXTargetDependency */ = {
			isa = PBXTargetDependency;
			target = 040CB4E81C5F7CEC00C67432 /* Ssajul */;
			targetProxy = 040CB5001C5F7CEC00C67432 /* PBXContainerItemProxy */;
		};
/* End PBXTargetDependency section */

/* Begin PBXVariantGroup section */
		040CB4F21C5F7CEC00C67432 /* Main.storyboard */ = {
			isa = PBXVariantGroup;
			children = (
				040CB4F31C5F7CEC00C67432 /* Base */,
			);
			name = Main.storyboard;
			sourceTree = "<group>";
		};
		040CB4F71C5F7CEC00C67432 /* LaunchScreen.storyboard */ = {
			isa = PBXVariantGroup;
			children = (
				040CB4F81C5F7CEC00C67432 /* Base */,
			);
			name = LaunchScreen.storyboard;
			sourceTree = "<group>";
		};
/* End PBXVariantGroup section */

/* Begin XCBuildConfiguration section */
		040CB5111C5F7CEC00C67432 /* Debug */ = {
			isa = XCBuildConfiguration;
			buildSettings = {
				ALWAYS_EMBED_SWIFT_STANDARD_LIBRARIES = "$(inherited)";
				ALWAYS_SEARCH_USER_PATHS = NO;
				CLANG_CXX_LANGUAGE_STANDARD = "gnu++0x";
				CLANG_CXX_LIBRARY = "libc++";
				CLANG_ENABLE_MODULES = YES;
				CLANG_ENABLE_OBJC_ARC = YES;
				CLANG_WARN_BOOL_CONVERSION = YES;
				CLANG_WARN_CONSTANT_CONVERSION = YES;
				CLANG_WARN_DIRECT_OBJC_ISA_USAGE = YES_ERROR;
				CLANG_WARN_EMPTY_BODY = YES;
				CLANG_WARN_ENUM_CONVERSION = YES;
				CLANG_WARN_INFINITE_RECURSION = YES;
				CLANG_WARN_INT_CONVERSION = YES;
				CLANG_WARN_OBJC_ROOT_CLASS = YES_ERROR;
				CLANG_WARN_SUSPICIOUS_MOVE = YES;
				CLANG_WARN_UNREACHABLE_CODE = YES;
				CLANG_WARN__DUPLICATE_METHOD_MATCH = YES;
				"CODE_SIGN_IDENTITY[sdk=iphoneos*]" = "iPhone Developer";
				COPY_PHASE_STRIP = NO;
				DEBUG_INFORMATION_FORMAT = dwarf;
				ENABLE_STRICT_OBJC_MSGSEND = YES;
				ENABLE_TESTABILITY = YES;
				GCC_C_LANGUAGE_STANDARD = gnu99;
				GCC_DYNAMIC_NO_PIC = NO;
				GCC_NO_COMMON_BLOCKS = YES;
				GCC_OPTIMIZATION_LEVEL = 0;
				GCC_PREPROCESSOR_DEFINITIONS = (
					"DEBUG=1",
					"$(inherited)",
				);
				GCC_WARN_64_TO_32_BIT_CONVERSION = YES;
				GCC_WARN_ABOUT_RETURN_TYPE = YES_ERROR;
				GCC_WARN_UNDECLARED_SELECTOR = YES;
				GCC_WARN_UNINITIALIZED_AUTOS = YES_AGGRESSIVE;
				GCC_WARN_UNUSED_FUNCTION = YES;
				GCC_WARN_UNUSED_VARIABLE = YES;
				IPHONEOS_DEPLOYMENT_TARGET = 9.2;
				MTL_ENABLE_DEBUG_INFO = YES;
				ONLY_ACTIVE_ARCH = YES;
				OTHER_LDFLAGS = "-Objc";
				SDKROOT = iphoneos;
				SWIFT_OPTIMIZATION_LEVEL = "-Onone";
				SWIFT_VERSION = 2.3;
			};
			name = Debug;
		};
		040CB5121C5F7CEC00C67432 /* Release */ = {
			isa = XCBuildConfiguration;
			buildSettings = {
				ALWAYS_EMBED_SWIFT_STANDARD_LIBRARIES = "$(inherited)";
				ALWAYS_SEARCH_USER_PATHS = NO;
				CLANG_CXX_LANGUAGE_STANDARD = "gnu++0x";
				CLANG_CXX_LIBRARY = "libc++";
				CLANG_ENABLE_MODULES = YES;
				CLANG_ENABLE_OBJC_ARC = YES;
				CLANG_WARN_BOOL_CONVERSION = YES;
				CLANG_WARN_CONSTANT_CONVERSION = YES;
				CLANG_WARN_DIRECT_OBJC_ISA_USAGE = YES_ERROR;
				CLANG_WARN_EMPTY_BODY = YES;
				CLANG_WARN_ENUM_CONVERSION = YES;
				CLANG_WARN_INFINITE_RECURSION = YES;
				CLANG_WARN_INT_CONVERSION = YES;
				CLANG_WARN_OBJC_ROOT_CLASS = YES_ERROR;
				CLANG_WARN_SUSPICIOUS_MOVE = YES;
				CLANG_WARN_UNREACHABLE_CODE = YES;
				CLANG_WARN__DUPLICATE_METHOD_MATCH = YES;
				"CODE_SIGN_IDENTITY[sdk=iphoneos*]" = "iPhone Developer";
				COPY_PHASE_STRIP = NO;
				DEBUG_INFORMATION_FORMAT = "dwarf-with-dsym";
				ENABLE_NS_ASSERTIONS = NO;
				ENABLE_STRICT_OBJC_MSGSEND = YES;
				GCC_C_LANGUAGE_STANDARD = gnu99;
				GCC_NO_COMMON_BLOCKS = YES;
				GCC_WARN_64_TO_32_BIT_CONVERSION = YES;
				GCC_WARN_ABOUT_RETURN_TYPE = YES_ERROR;
				GCC_WARN_UNDECLARED_SELECTOR = YES;
				GCC_WARN_UNINITIALIZED_AUTOS = YES_AGGRESSIVE;
				GCC_WARN_UNUSED_FUNCTION = YES;
				GCC_WARN_UNUSED_VARIABLE = YES;
				IPHONEOS_DEPLOYMENT_TARGET = 9.2;
				MTL_ENABLE_DEBUG_INFO = NO;
				OTHER_LDFLAGS = "-Objc";
				SDKROOT = iphoneos;
				SWIFT_OPTIMIZATION_LEVEL = "-Owholemodule";
				SWIFT_VERSION = 2.3;
				VALIDATE_PRODUCT = YES;
			};
			name = Release;
		};
		040CB5141C5F7CEC00C67432 /* Debug */ = {
			isa = XCBuildConfiguration;
			baseConfigurationReference = 3544073CBAAA4937DE4AE6B5 /* Pods-Ssajul.debug.xcconfig */;
			buildSettings = {
				ALWAYS_EMBED_SWIFT_STANDARD_LIBRARIES = "$(inherited)";
				ASSETCATALOG_COMPILER_APPICON_NAME = AppIcon;
				CLANG_ENABLE_MODULES = YES;
				CODE_SIGN_IDENTITY = "iPhone Developer";
				"CODE_SIGN_IDENTITY[sdk=iphoneos*]" = "iPhone Developer";
				DEBUG_INFORMATION_FORMAT = "dwarf-with-dsym";
				ENABLE_BITCODE = NO;
				FRAMEWORK_SEARCH_PATHS = (
					"$(inherited)",
					"$(PROJECT_DIR)/Ssajul",
				);
				INFOPLIST_FILE = Ssajul/Info.plist;
				IPHONEOS_DEPLOYMENT_TARGET = 9.1;
				LD_RUNPATH_SEARCH_PATHS = "$(inherited) @executable_path/Frameworks";
				LIBRARY_SEARCH_PATHS = (
					"$(inherited)",
					"$(PROJECT_DIR)/Ssajul/Library",
				);
				PRODUCT_BUNDLE_IDENTIFIER = com.wearecontrols.Ssajul;
				PRODUCT_NAME = "$(TARGET_NAME)";
				PROVISIONING_PROFILE = "";
				SWIFT_OBJC_BRIDGING_HEADER = "Ssajul/Ssajul-Bridging-Header.h";
				SWIFT_OPTIMIZATION_LEVEL = "-Onone";
				SWIFT_VERSION = 3.0;
			};
			name = Debug;
		};
		040CB5151C5F7CEC00C67432 /* Release */ = {
			isa = XCBuildConfiguration;
			baseConfigurationReference = E3A783730FEFE727ED167A7A /* Pods-Ssajul.release.xcconfig */;
			buildSettings = {
				ALWAYS_EMBED_SWIFT_STANDARD_LIBRARIES = "$(inherited)";
				ASSETCATALOG_COMPILER_APPICON_NAME = AppIcon;
				CLANG_ENABLE_MODULES = YES;
				CODE_SIGN_IDENTITY = "iPhone Developer";
				"CODE_SIGN_IDENTITY[sdk=iphoneos*]" = "iPhone Developer";
				ENABLE_BITCODE = NO;
				FRAMEWORK_SEARCH_PATHS = (
					"$(inherited)",
					"$(PROJECT_DIR)/Ssajul",
				);
				INFOPLIST_FILE = Ssajul/Info.plist;
				IPHONEOS_DEPLOYMENT_TARGET = 9.1;
				LD_RUNPATH_SEARCH_PATHS = "$(inherited) @executable_path/Frameworks";
				LIBRARY_SEARCH_PATHS = (
					"$(inherited)",
					"$(PROJECT_DIR)/Ssajul/Library",
				);
				PRODUCT_BUNDLE_IDENTIFIER = com.wearecontrols.Ssajul;
				PRODUCT_NAME = "$(TARGET_NAME)";
				PROVISIONING_PROFILE = "";
				SWIFT_OBJC_BRIDGING_HEADER = "Ssajul/Ssajul-Bridging-Header.h";
				SWIFT_VERSION = 3.0;
			};
			name = Release;
		};
		040CB5171C5F7CEC00C67432 /* Debug */ = {
			isa = XCBuildConfiguration;
			buildSettings = {
				BUNDLE_LOADER = "$(TEST_HOST)";
				INFOPLIST_FILE = SsajulTests/Info.plist;
				LD_RUNPATH_SEARCH_PATHS = "$(inherited) @executable_path/Frameworks @loader_path/Frameworks";
				PRODUCT_BUNDLE_IDENTIFIER = com.wearecontrols.SsajulTests;
				PRODUCT_NAME = "$(TARGET_NAME)";
				SWIFT_VERSION = 3.0;
				TEST_HOST = "$(BUILT_PRODUCTS_DIR)/Ssajul.app/Ssajul";
			};
			name = Debug;
		};
		040CB5181C5F7CEC00C67432 /* Release */ = {
			isa = XCBuildConfiguration;
			buildSettings = {
				BUNDLE_LOADER = "$(TEST_HOST)";
				INFOPLIST_FILE = SsajulTests/Info.plist;
				LD_RUNPATH_SEARCH_PATHS = "$(inherited) @executable_path/Frameworks @loader_path/Frameworks";
				PRODUCT_BUNDLE_IDENTIFIER = com.wearecontrols.SsajulTests;
				PRODUCT_NAME = "$(TARGET_NAME)";
				SWIFT_VERSION = 3.0;
				TEST_HOST = "$(BUILT_PRODUCTS_DIR)/Ssajul.app/Ssajul";
			};
			name = Release;
		};
/* End XCBuildConfiguration section */

/* Begin XCConfigurationList section */
		040CB4E41C5F7CEC00C67432 /* Build configuration list for PBXProject "Ssajul" */ = {
			isa = XCConfigurationList;
			buildConfigurations = (
				040CB5111C5F7CEC00C67432 /* Debug */,
				040CB5121C5F7CEC00C67432 /* Release */,
			);
			defaultConfigurationIsVisible = 0;
			defaultConfigurationName = Release;
		};
		040CB5131C5F7CEC00C67432 /* Build configuration list for PBXNativeTarget "Ssajul" */ = {
			isa = XCConfigurationList;
			buildConfigurations = (
				040CB5141C5F7CEC00C67432 /* Debug */,
				040CB5151C5F7CEC00C67432 /* Release */,
			);
			defaultConfigurationIsVisible = 0;
			defaultConfigurationName = Release;
		};
		040CB5161C5F7CEC00C67432 /* Build configuration list for PBXNativeTarget "SsajulTests" */ = {
			isa = XCConfigurationList;
			buildConfigurations = (
				040CB5171C5F7CEC00C67432 /* Debug */,
				040CB5181C5F7CEC00C67432 /* Release */,
			);
			defaultConfigurationIsVisible = 0;
			defaultConfigurationName = Release;
		};
/* End XCConfigurationList section */
	};
	rootObject = 040CB4E11C5F7CEC00C67432 /* Project object */;
}
