// !$*UTF8*$!
{
	archiveVersion = 1;
	classes = {
	};
	objectVersion = 46;
	objects = {

/* Begin PBXBuildFile section */
		040973D21CC7D0DD008ABCA9 /* HistoryTableViewController.swift in Sources */ = {isa = PBXBuildFile; fileRef = 040973D11CC7D0DD008ABCA9 /* HistoryTableViewController.swift */; };
		040973D41CCBAF8B008ABCA9 /* History.swift in Sources */ = {isa = PBXBuildFile; fileRef = 040973D31CCBAF8B008ABCA9 /* History.swift */; };
		040CB4ED1C5F7CEC00C67432 /* AppDelegate.swift in Sources */ = {isa = PBXBuildFile; fileRef = 040CB4EC1C5F7CEC00C67432 /* AppDelegate.swift */; };
		040CB4EF1C5F7CEC00C67432 /* BoardViewController.swift in Sources */ = {isa = PBXBuildFile; fileRef = 040CB4EE1C5F7CEC00C67432 /* BoardViewController.swift */; };
		040CB4F41C5F7CEC00C67432 /* Main.storyboard in Resources */ = {isa = PBXBuildFile; fileRef = 040CB4F21C5F7CEC00C67432 /* Main.storyboard */; };
		040CB4F61C5F7CEC00C67432 /* Assets.xcassets in Resources */ = {isa = PBXBuildFile; fileRef = 040CB4F51C5F7CEC00C67432 /* Assets.xcassets */; };
		040CB4F91C5F7CEC00C67432 /* LaunchScreen.storyboard in Resources */ = {isa = PBXBuildFile; fileRef = 040CB4F71C5F7CEC00C67432 /* LaunchScreen.storyboard */; };
		040CB5041C5F7CEC00C67432 /* SsajulTests.swift in Sources */ = {isa = PBXBuildFile; fileRef = 040CB5031C5F7CEC00C67432 /* SsajulTests.swift */; };
		043DEE991C8C669500AC934B /* ContentCell.swift in Sources */ = {isa = PBXBuildFile; fileRef = 043DEE981C8C669500AC934B /* ContentCell.swift */; };
		046625091C96EA20006BB90F /* CommentCell.swift in Sources */ = {isa = PBXBuildFile; fileRef = 046625081C96EA20006BB90F /* CommentCell.swift */; };
		047D24391CB291FC00148EBC /* LoginViewController.swift in Sources */ = {isa = PBXBuildFile; fileRef = 047D24381CB291FC00148EBC /* LoginViewController.swift */; };
		048466CE1CC1EB1100A19919 /* ItemWriteViewController.swift in Sources */ = {isa = PBXBuildFile; fileRef = 048466CD1CC1EB1100A19919 /* ItemWriteViewController.swift */; };
		04A1EB8B1CDA49C400022201 /* SSajulDatabase.swift in Sources */ = {isa = PBXBuildFile; fileRef = 04A1EB8A1CDA49C400022201 /* SSajulDatabase.swift */; };
		04D0FF1B1C7C830300B204C4 /* Board.swift in Sources */ = {isa = PBXBuildFile; fileRef = 04D0FF1A1C7C830300B204C4 /* Board.swift */; };
		04D0FF1D1C7C84C300B204C4 /* Item.swift in Sources */ = {isa = PBXBuildFile; fileRef = 04D0FF1C1C7C84C300B204C4 /* Item.swift */; };
		04D0FF1F1C7C84DE00B204C4 /* Comment.swift in Sources */ = {isa = PBXBuildFile; fileRef = 04D0FF1E1C7C84DE00B204C4 /* Comment.swift */; };
		04D0FF221C7C946900B204C4 /* ItemListViewConroller.swift in Sources */ = {isa = PBXBuildFile; fileRef = 04D0FF211C7C946900B204C4 /* ItemListViewConroller.swift */; };
		04D0FF251C7C94E000B204C4 /* SSajulClient.swift in Sources */ = {isa = PBXBuildFile; fileRef = 04D0FF241C7C94E000B204C4 /* SSajulClient.swift */; };
		04D6BCE71CC53E1B00925F4A /* BestBoardTableViewController.swift in Sources */ = {isa = PBXBuildFile; fileRef = 04D6BCE61CC53E1B00925F4A /* BestBoardTableViewController.swift */; };
		04D6BCEC1CC542F500925F4A /* String.swift in Sources */ = {isa = PBXBuildFile; fileRef = 04D6BCEB1CC542F500925F4A /* String.swift */; };
		04D6BCEE1CC6711F00925F4A /* QuartzCore.framework in Frameworks */ = {isa = PBXBuildFile; fileRef = 04D6BCED1CC6711F00925F4A /* QuartzCore.framework */; };
		04D6BCF21CC686EF00925F4A /* Clock-25.png in Resources */ = {isa = PBXBuildFile; fileRef = 04D6BCF11CC686EF00925F4A /* Clock-25.png */; };
		04D6BCF41CC6889B00925F4A /* Clock-30.png in Resources */ = {isa = PBXBuildFile; fileRef = 04D6BCF31CC6889B00925F4A /* Clock-30.png */; };
		04DCA7AE1CBE7B1000E2E184 /* CommentWriteCell.swift in Sources */ = {isa = PBXBuildFile; fileRef = 04DCA7AD1CBE7B1000E2E184 /* CommentWriteCell.swift */; };
		04DCA7B01CC1E19600E2E184 /* CommentWriteCellDelegate.swift in Sources */ = {isa = PBXBuildFile; fileRef = 04DCA7AF1CC1E19600E2E184 /* CommentWriteCellDelegate.swift */; };
		133CBCA475665740BB8A59FA /* Pods.framework in Frameworks */ = {isa = PBXBuildFile; fileRef = 06AC94D76EB323A467BA1EB6 /* Pods.framework */; };
		4D9D699C1C80605F000F4104 /* ItemCell.swift in Sources */ = {isa = PBXBuildFile; fileRef = 4D9D699B1C80605F000F4104 /* ItemCell.swift */; };
		4D9D699E1C89CCB3000F4104 /* ItemTableViewController.swift in Sources */ = {isa = PBXBuildFile; fileRef = 4D9D699D1C89CCB3000F4104 /* ItemTableViewController.swift */; };
		4D9D69A01C8F201E000F4104 /* ContentHeaderCell.swift in Sources */ = {isa = PBXBuildFile; fileRef = 4D9D699F1C8F201E000F4104 /* ContentHeaderCell.swift */; };
/* End PBXBuildFile section */

/* Begin PBXContainerItemProxy section */
		040CB5001C5F7CEC00C67432 /* PBXContainerItemProxy */ = {
			isa = PBXContainerItemProxy;
			containerPortal = 040CB4E11C5F7CEC00C67432 /* Project object */;
			proxyType = 1;
			remoteGlobalIDString = 040CB4E81C5F7CEC00C67432;
			remoteInfo = Ssajul;
		};
/* End PBXContainerItemProxy section */

/* Begin PBXFileReference section */
		040973D11CC7D0DD008ABCA9 /* HistoryTableViewController.swift */ = {isa = PBXFileReference; fileEncoding = 4; lastKnownFileType = sourcecode.swift; path = HistoryTableViewController.swift; sourceTree = "<group>"; };
		040973D31CCBAF8B008ABCA9 /* History.swift */ = {isa = PBXFileReference; fileEncoding = 4; lastKnownFileType = sourcecode.swift; path = History.swift; sourceTree = "<group>"; };
		040CB4E91C5F7CEC00C67432 /* Ssajul.app */ = {isa = PBXFileReference; explicitFileType = wrapper.application; includeInIndex = 0; path = Ssajul.app; sourceTree = BUILT_PRODUCTS_DIR; };
		040CB4EC1C5F7CEC00C67432 /* AppDelegate.swift */ = {isa = PBXFileReference; lastKnownFileType = sourcecode.swift; path = AppDelegate.swift; sourceTree = "<group>"; };
		040CB4EE1C5F7CEC00C67432 /* BoardViewController.swift */ = {isa = PBXFileReference; lastKnownFileType = sourcecode.swift; path = BoardViewController.swift; sourceTree = "<group>"; };
		040CB4F31C5F7CEC00C67432 /* Base */ = {isa = PBXFileReference; lastKnownFileType = file.storyboard; name = Base; path = Base.lproj/Main.storyboard; sourceTree = "<group>"; };
		040CB4F51C5F7CEC00C67432 /* Assets.xcassets */ = {isa = PBXFileReference; lastKnownFileType = folder.assetcatalog; path = Assets.xcassets; sourceTree = "<group>"; };
		040CB4F81C5F7CEC00C67432 /* Base */ = {isa = PBXFileReference; lastKnownFileType = file.storyboard; name = Base; path = Base.lproj/LaunchScreen.storyboard; sourceTree = "<group>"; };
		040CB4FA1C5F7CEC00C67432 /* Info.plist */ = {isa = PBXFileReference; lastKnownFileType = text.plist.xml; path = Info.plist; sourceTree = "<group>"; };
		040CB4FF1C5F7CEC00C67432 /* SsajulTests.xctest */ = {isa = PBXFileReference; explicitFileType = wrapper.cfbundle; includeInIndex = 0; path = SsajulTests.xctest; sourceTree = BUILT_PRODUCTS_DIR; };
		040CB5031C5F7CEC00C67432 /* SsajulTests.swift */ = {isa = PBXFileReference; lastKnownFileType = sourcecode.swift; path = SsajulTests.swift; sourceTree = "<group>"; };
		040CB5051C5F7CEC00C67432 /* Info.plist */ = {isa = PBXFileReference; lastKnownFileType = text.plist.xml; path = Info.plist; sourceTree = "<group>"; };
		040CB50E1C5F7CEC00C67432 /* SsajulUITests.swift */ = {isa = PBXFileReference; lastKnownFileType = sourcecode.swift; path = SsajulUITests.swift; sourceTree = "<group>"; };
		040CB5101C5F7CEC00C67432 /* Info.plist */ = {isa = PBXFileReference; lastKnownFileType = text.plist.xml; path = Info.plist; sourceTree = "<group>"; };
		043DEE981C8C669500AC934B /* ContentCell.swift */ = {isa = PBXFileReference; fileEncoding = 4; lastKnownFileType = sourcecode.swift; path = ContentCell.swift; sourceTree = "<group>"; };
		046625081C96EA20006BB90F /* CommentCell.swift */ = {isa = PBXFileReference; fileEncoding = 4; lastKnownFileType = sourcecode.swift; path = CommentCell.swift; sourceTree = "<group>"; };
		047D24381CB291FC00148EBC /* LoginViewController.swift */ = {isa = PBXFileReference; fileEncoding = 4; lastKnownFileType = sourcecode.swift; path = LoginViewController.swift; sourceTree = "<group>"; };
		048466CD1CC1EB1100A19919 /* ItemWriteViewController.swift */ = {isa = PBXFileReference; fileEncoding = 4; lastKnownFileType = sourcecode.swift; path = ItemWriteViewController.swift; sourceTree = "<group>"; };
		04A1EB8A1CDA49C400022201 /* SSajulDatabase.swift */ = {isa = PBXFileReference; fileEncoding = 4; lastKnownFileType = sourcecode.swift; path = SSajulDatabase.swift; sourceTree = "<group>"; };
		04D0FF1A1C7C830300B204C4 /* Board.swift */ = {isa = PBXFileReference; fileEncoding = 4; lastKnownFileType = sourcecode.swift; path = Board.swift; sourceTree = "<group>"; };
		04D0FF1C1C7C84C300B204C4 /* Item.swift */ = {isa = PBXFileReference; fileEncoding = 4; lastKnownFileType = sourcecode.swift; path = Item.swift; sourceTree = "<group>"; };
		04D0FF1E1C7C84DE00B204C4 /* Comment.swift */ = {isa = PBXFileReference; fileEncoding = 4; lastKnownFileType = sourcecode.swift; path = Comment.swift; sourceTree = "<group>"; };
		04D0FF211C7C946900B204C4 /* ItemListViewConroller.swift */ = {isa = PBXFileReference; fileEncoding = 4; lastKnownFileType = sourcecode.swift; path = ItemListViewConroller.swift; sourceTree = "<group>"; };
		04D0FF241C7C94E000B204C4 /* SSajulClient.swift */ = {isa = PBXFileReference; fileEncoding = 4; lastKnownFileType = sourcecode.swift; path = SSajulClient.swift; sourceTree = "<group>"; };
		04D6BCE61CC53E1B00925F4A /* BestBoardTableViewController.swift */ = {isa = PBXFileReference; fileEncoding = 4; lastKnownFileType = sourcecode.swift; path = BestBoardTableViewController.swift; sourceTree = "<group>"; };
		04D6BCEB1CC542F500925F4A /* String.swift */ = {isa = PBXFileReference; fileEncoding = 4; lastKnownFileType = sourcecode.swift; path = String.swift; sourceTree = "<group>"; };
		04D6BCED1CC6711F00925F4A /* QuartzCore.framework */ = {isa = PBXFileReference; lastKnownFileType = wrapper.framework; name = QuartzCore.framework; path = System/Library/Frameworks/QuartzCore.framework; sourceTree = SDKROOT; };
		04D6BCF11CC686EF00925F4A /* Clock-25.png */ = {isa = PBXFileReference; lastKnownFileType = image.png; path = "Clock-25.png"; sourceTree = "<group>"; };
		04D6BCF31CC6889B00925F4A /* Clock-30.png */ = {isa = PBXFileReference; lastKnownFileType = image.png; path = "Clock-30.png"; sourceTree = "<group>"; };
		04DCA7AD1CBE7B1000E2E184 /* CommentWriteCell.swift */ = {isa = PBXFileReference; fileEncoding = 4; lastKnownFileType = sourcecode.swift; path = CommentWriteCell.swift; sourceTree = "<group>"; };
		04DCA7AF1CC1E19600E2E184 /* CommentWriteCellDelegate.swift */ = {isa = PBXFileReference; fileEncoding = 4; lastKnownFileType = sourcecode.swift; path = CommentWriteCellDelegate.swift; sourceTree = "<group>"; };
		06AC94D76EB323A467BA1EB6 /* Pods.framework */ = {isa = PBXFileReference; explicitFileType = wrapper.framework; includeInIndex = 0; path = Pods.framework; sourceTree = BUILT_PRODUCTS_DIR; };
		4D9D699B1C80605F000F4104 /* ItemCell.swift */ = {isa = PBXFileReference; fileEncoding = 4; lastKnownFileType = sourcecode.swift; path = ItemCell.swift; sourceTree = "<group>"; };
		4D9D699D1C89CCB3000F4104 /* ItemTableViewController.swift */ = {isa = PBXFileReference; fileEncoding = 4; lastKnownFileType = sourcecode.swift; path = ItemTableViewController.swift; sourceTree = "<group>"; };
		4D9D699F1C8F201E000F4104 /* ContentHeaderCell.swift */ = {isa = PBXFileReference; fileEncoding = 4; lastKnownFileType = sourcecode.swift; path = ContentHeaderCell.swift; sourceTree = "<group>"; };
		66E8694D811E7154D460421A /* Pods.debug.xcconfig */ = {isa = PBXFileReference; includeInIndex = 1; lastKnownFileType = text.xcconfig; name = Pods.debug.xcconfig; path = "Pods/Target Support Files/Pods/Pods.debug.xcconfig"; sourceTree = "<group>"; };
		D30B30C989CD3EA5466D2555 /* Pods.release.xcconfig */ = {isa = PBXFileReference; includeInIndex = 1; lastKnownFileType = text.xcconfig; name = Pods.release.xcconfig; path = "Pods/Target Support Files/Pods/Pods.release.xcconfig"; sourceTree = "<group>"; };
/* End PBXFileReference section */

/* Begin PBXFrameworksBuildPhase section */
		040CB4E61C5F7CEC00C67432 /* Frameworks */ = {
			isa = PBXFrameworksBuildPhase;
			buildActionMask = 2147483647;
			files = (
				04D6BCEE1CC6711F00925F4A /* QuartzCore.framework in Frameworks */,
				133CBCA475665740BB8A59FA /* Pods.framework in Frameworks */,
			);
			runOnlyForDeploymentPostprocessing = 0;
		};
		040CB4FC1C5F7CEC00C67432 /* Frameworks */ = {
			isa = PBXFrameworksBuildPhase;
			buildActionMask = 2147483647;
			files = (
			);
			runOnlyForDeploymentPostprocessing = 0;
		};
/* End PBXFrameworksBuildPhase section */

/* Begin PBXGroup section */
		040CB4E01C5F7CEC00C67432 = {
			isa = PBXGroup;
			children = (
				040CB4EB1C5F7CEC00C67432 /* Ssajul */,
				040CB5021C5F7CEC00C67432 /* SsajulTests */,
				040CB50D1C5F7CEC00C67432 /* SsajulUITests */,
				040CB4EA1C5F7CEC00C67432 /* Products */,
				708FEE10529DB9DE6A5C7E94 /* Pods */,
				3CF13E5C983265C09A61FF89 /* Frameworks */,
			);
			sourceTree = "<group>";
		};
		040CB4EA1C5F7CEC00C67432 /* Products */ = {
			isa = PBXGroup;
			children = (
				040CB4E91C5F7CEC00C67432 /* Ssajul.app */,
				040CB4FF1C5F7CEC00C67432 /* SsajulTests.xctest */,
			);
			name = Products;
			sourceTree = "<group>";
		};
		040CB4EB1C5F7CEC00C67432 /* Ssajul */ = {
			isa = PBXGroup;
			children = (
				04D6BCE91CC542C000925F4A /* extension */,
				04D6BCD71CC52D7800925F4A /* icons */,
				4D9D699A1C80602A000F4104 /* Cell */,
				04D0FF231C7C94AE00B204C4 /* Util */,
				04D0FF201C7C934700B204C4 /* Controller */,
				04D0FF191C7C82D100B204C4 /* Model */,
				040CB4EC1C5F7CEC00C67432 /* AppDelegate.swift */,
				040CB4F21C5F7CEC00C67432 /* Main.storyboard */,
				040CB4F51C5F7CEC00C67432 /* Assets.xcassets */,
				040CB4F71C5F7CEC00C67432 /* LaunchScreen.storyboard */,
				040CB4FA1C5F7CEC00C67432 /* Info.plist */,
			);
			path = Ssajul;
			sourceTree = "<group>";
		};
		040CB5021C5F7CEC00C67432 /* SsajulTests */ = {
			isa = PBXGroup;
			children = (
				040CB5031C5F7CEC00C67432 /* SsajulTests.swift */,
				040CB5051C5F7CEC00C67432 /* Info.plist */,
			);
			path = SsajulTests;
			sourceTree = "<group>";
		};
		040CB50D1C5F7CEC00C67432 /* SsajulUITests */ = {
			isa = PBXGroup;
			children = (
				040CB50E1C5F7CEC00C67432 /* SsajulUITests.swift */,
				040CB5101C5F7CEC00C67432 /* Info.plist */,
			);
			path = SsajulUITests;
			sourceTree = "<group>";
		};
		04D0FF191C7C82D100B204C4 /* Model */ = {
			isa = PBXGroup;
			children = (
				04D0FF1A1C7C830300B204C4 /* Board.swift */,
				04D0FF1C1C7C84C300B204C4 /* Item.swift */,
				04D0FF1E1C7C84DE00B204C4 /* Comment.swift */,
				040973D31CCBAF8B008ABCA9 /* History.swift */,
			);
			name = Model;
			sourceTree = "<group>";
		};
		04D0FF201C7C934700B204C4 /* Controller */ = {
			isa = PBXGroup;
			children = (
				040CB4EE1C5F7CEC00C67432 /* BoardViewController.swift */,
				04D0FF211C7C946900B204C4 /* ItemListViewConroller.swift */,
				4D9D699D1C89CCB3000F4104 /* ItemTableViewController.swift */,
				047D24381CB291FC00148EBC /* LoginViewController.swift */,
				048466CD1CC1EB1100A19919 /* ItemWriteViewController.swift */,
				04D6BCE61CC53E1B00925F4A /* BestBoardTableViewController.swift */,
				040973D11CC7D0DD008ABCA9 /* HistoryTableViewController.swift */,
			);
			name = Controller;
			sourceTree = "<group>";
		};
		04D0FF231C7C94AE00B204C4 /* Util */ = {
			isa = PBXGroup;
			children = (
				04D0FF241C7C94E000B204C4 /* SSajulClient.swift */,
				04A1EB8A1CDA49C400022201 /* SSajulDatabase.swift */,
			);
			name = Util;
			sourceTree = "<group>";
		};
		04D6BCD71CC52D7800925F4A /* icons */ = {
			isa = PBXGroup;
			children = (
				04D6BCF11CC686EF00925F4A /* Clock-25.png */,
				04D6BCF31CC6889B00925F4A /* Clock-30.png */,
			);
			name = icons;
			sourceTree = "<group>";
		};
		04D6BCE91CC542C000925F4A /* extension */ = {
			isa = PBXGroup;
			children = (
				04D6BCEB1CC542F500925F4A /* String.swift */,
			);
			name = extension;
			sourceTree = "<group>";
		};
		3CF13E5C983265C09A61FF89 /* Frameworks */ = {
			isa = PBXGroup;
			children = (
				04D6BCED1CC6711F00925F4A /* QuartzCore.framework */,
				06AC94D76EB323A467BA1EB6 /* Pods.framework */,
			);
			name = Frameworks;
			sourceTree = "<group>";
		};
		4D9D699A1C80602A000F4104 /* Cell */ = {
			isa = PBXGroup;
			children = (
				4D9D699B1C80605F000F4104 /* ItemCell.swift */,
				043DEE981C8C669500AC934B /* ContentCell.swift */,
				4D9D699F1C8F201E000F4104 /* ContentHeaderCell.swift */,
				046625081C96EA20006BB90F /* CommentCell.swift */,
				04DCA7AD1CBE7B1000E2E184 /* CommentWriteCell.swift */,
				04DCA7AF1CC1E19600E2E184 /* CommentWriteCellDelegate.swift */,
			);
			name = Cell;
			sourceTree = "<group>";
		};
		708FEE10529DB9DE6A5C7E94 /* Pods */ = {
			isa = PBXGroup;
			children = (
				66E8694D811E7154D460421A /* Pods.debug.xcconfig */,
				D30B30C989CD3EA5466D2555 /* Pods.release.xcconfig */,
			);
			name = Pods;
			sourceTree = "<group>";
		};
/* End PBXGroup section */

/* Begin PBXNativeTarget section */
		040CB4E81C5F7CEC00C67432 /* Ssajul */ = {
			isa = PBXNativeTarget;
			buildConfigurationList = 040CB5131C5F7CEC00C67432 /* Build configuration list for PBXNativeTarget "Ssajul" */;
			buildPhases = (
				9D09073BD47494518B0D0FE3 /* Check Pods Manifest.lock */,
				040CB4E51C5F7CEC00C67432 /* Sources */,
				040CB4E61C5F7CEC00C67432 /* Frameworks */,
				040CB4E71C5F7CEC00C67432 /* Resources */,
				FDF6684DC107301A4FF06053 /* Embed Pods Frameworks */,
				6EB7C52890DC49D457266DCE /* Copy Pods Resources */,
			);
			buildRules = (
			);
			dependencies = (
			);
			name = Ssajul;
			productName = Ssajul;
			productReference = 040CB4E91C5F7CEC00C67432 /* Ssajul.app */;
			productType = "com.apple.product-type.application";
		};
		040CB4FE1C5F7CEC00C67432 /* SsajulTests */ = {
			isa = PBXNativeTarget;
			buildConfigurationList = 040CB5161C5F7CEC00C67432 /* Build configuration list for PBXNativeTarget "SsajulTests" */;
			buildPhases = (
				040CB4FB1C5F7CEC00C67432 /* Sources */,
				040CB4FC1C5F7CEC00C67432 /* Frameworks */,
				040CB4FD1C5F7CEC00C67432 /* Resources */,
			);
			buildRules = (
			);
			dependencies = (
				040CB5011C5F7CEC00C67432 /* PBXTargetDependency */,
			);
			name = SsajulTests;
			productName = SsajulTests;
			productReference = 040CB4FF1C5F7CEC00C67432 /* SsajulTests.xctest */;
			productType = "com.apple.product-type.bundle.unit-test";
		};
/* End PBXNativeTarget section */

/* Begin PBXProject section */
		040CB4E11C5F7CEC00C67432 /* Project object */ = {
			isa = PBXProject;
			attributes = {
				LastSwiftUpdateCheck = 0720;
				LastUpgradeCheck = 0720;
				ORGANIZATIONNAME = youngchill;
				TargetAttributes = {
					040CB4E81C5F7CEC00C67432 = {
						CreatedOnToolsVersion = 7.2;
					};
					040CB4FE1C5F7CEC00C67432 = {
						CreatedOnToolsVersion = 7.2;
						TestTargetID = 040CB4E81C5F7CEC00C67432;
					};
				};
			};
			buildConfigurationList = 040CB4E41C5F7CEC00C67432 /* Build configuration list for PBXProject "Ssajul" */;
			compatibilityVersion = "Xcode 3.2";
			developmentRegion = English;
			hasScannedForEncodings = 0;
			knownRegions = (
				en,
				Base,
			);
			mainGroup = 040CB4E01C5F7CEC00C67432;
			productRefGroup = 040CB4EA1C5F7CEC00C67432 /* Products */;
			projectDirPath = "";
			projectRoot = "";
			targets = (
				040CB4E81C5F7CEC00C67432 /* Ssajul */,
				040CB4FE1C5F7CEC00C67432 /* SsajulTests */,
			);
		};
/* End PBXProject section */

/* Begin PBXResourcesBuildPhase section */
		040CB4E71C5F7CEC00C67432 /* Resources */ = {
			isa = PBXResourcesBuildPhase;
			buildActionMask = 2147483647;
			files = (
				040CB4F91C5F7CEC00C67432 /* LaunchScreen.storyboard in Resources */,
				040CB4F61C5F7CEC00C67432 /* Assets.xcassets in Resources */,
				040CB4F41C5F7CEC00C67432 /* Main.storyboard in Resources */,
				04D6BCF21CC686EF00925F4A /* Clock-25.png in Resources */,
				04D6BCF41CC6889B00925F4A /* Clock-30.png in Resources */,
			);
			runOnlyForDeploymentPostprocessing = 0;
		};
		040CB4FD1C5F7CEC00C67432 /* Resources */ = {
			isa = PBXResourcesBuildPhase;
			buildActionMask = 2147483647;
			files = (
			);
			runOnlyForDeploymentPostprocessing = 0;
		};
/* End PBXResourcesBuildPhase section */

/* Begin PBXShellScriptBuildPhase section */
		6EB7C52890DC49D457266DCE /* Copy Pods Resources */ = {
			isa = PBXShellScriptBuildPhase;
			buildActionMask = 2147483647;
			files = (
			);
			inputPaths = (
			);
			name = "Copy Pods Resources";
			outputPaths = (
			);
			runOnlyForDeploymentPostprocessing = 0;
			shellPath = /bin/sh;
			shellScript = "\"${SRCROOT}/Pods/Target Support Files/Pods/Pods-resources.sh\"\n";
			showEnvVarsInLog = 0;
		};
		9D09073BD47494518B0D0FE3 /* Check Pods Manifest.lock */ = {
			isa = PBXShellScriptBuildPhase;
			buildActionMask = 2147483647;
			files = (
			);
			inputPaths = (
			);
			name = "Check Pods Manifest.lock";
			outputPaths = (
			);
			runOnlyForDeploymentPostprocessing = 0;
			shellPath = /bin/sh;
			shellScript = "diff \"${PODS_ROOT}/../Podfile.lock\" \"${PODS_ROOT}/Manifest.lock\" > /dev/null\nif [[ $? != 0 ]] ; then\n    cat << EOM\nerror: The sandbox is not in sync with the Podfile.lock. Run 'pod install' or update your CocoaPods installation.\nEOM\n    exit 1\nfi\n";
			showEnvVarsInLog = 0;
		};
		FDF6684DC107301A4FF06053 /* Embed Pods Frameworks */ = {
			isa = PBXShellScriptBuildPhase;
			buildActionMask = 2147483647;
			files = (
			);
			inputPaths = (
			);
			name = "Embed Pods Frameworks";
			outputPaths = (
			);
			runOnlyForDeploymentPostprocessing = 0;
			shellPath = /bin/sh;
			shellScript = "\"${SRCROOT}/Pods/Target Support Files/Pods/Pods-frameworks.sh\"\n";
			showEnvVarsInLog = 0;
		};
/* End PBXShellScriptBuildPhase section */

/* Begin PBXSourcesBuildPhase section */
		040CB4E51C5F7CEC00C67432 /* Sources */ = {
			isa = PBXSourcesBuildPhase;
			buildActionMask = 2147483647;
			files = (
				04D6BCEC1CC542F500925F4A /* String.swift in Sources */,
				047D24391CB291FC00148EBC /* LoginViewController.swift in Sources */,
				4D9D699E1C89CCB3000F4104 /* ItemTableViewController.swift in Sources */,
				04DCA7B01CC1E19600E2E184 /* CommentWriteCellDelegate.swift in Sources */,
				040973D21CC7D0DD008ABCA9 /* HistoryTableViewController.swift in Sources */,
				048466CE1CC1EB1100A19919 /* ItemWriteViewController.swift in Sources */,
				043DEE991C8C669500AC934B /* ContentCell.swift in Sources */,
				4D9D69A01C8F201E000F4104 /* ContentHeaderCell.swift in Sources */,
				04DCA7AE1CBE7B1000E2E184 /* CommentWriteCell.swift in Sources */,
				04D6BCE71CC53E1B00925F4A /* BestBoardTableViewController.swift in Sources */,
				040CB4EF1C5F7CEC00C67432 /* BoardViewController.swift in Sources */,
				4D9D699C1C80605F000F4104 /* ItemCell.swift in Sources */,
				04D0FF1B1C7C830300B204C4 /* Board.swift in Sources */,
				046625091C96EA20006BB90F /* CommentCell.swift in Sources */,
				040973D41CCBAF8B008ABCA9 /* History.swift in Sources */,
				04D0FF1F1C7C84DE00B204C4 /* Comment.swift in Sources */,
				04A1EB8B1CDA49C400022201 /* SSajulDatabase.swift in Sources */,
				04D0FF221C7C946900B204C4 /* ItemListViewConroller.swift in Sources */,
				04D0FF251C7C94E000B204C4 /* SSajulClient.swift in Sources */,
				04D0FF1D1C7C84C300B204C4 /* Item.swift in Sources */,
				040CB4ED1C5F7CEC00C67432 /* AppDelegate.swift in Sources */,
			);
			runOnlyForDeploymentPostprocessing = 0;
		};
		040CB4FB1C5F7CEC00C67432 /* Sources */ = {
			isa = PBXSourcesBuildPhase;
			buildActionMask = 2147483647;
			files = (
				040CB5041C5F7CEC00C67432 /* SsajulTests.swift in Sources */,
			);
			runOnlyForDeploymentPostprocessing = 0;
		};
/* End PBXSourcesBuildPhase section */

/* Begin PBXTargetDependency section */
		040CB5011C5F7CEC00C67432 /* PBXTargetDependency */ = {
			isa = PBXTargetDependency;
			target = 040CB4E81C5F7CEC00C67432 /* Ssajul */;
			targetProxy = 040CB5001C5F7CEC00C67432 /* PBXContainerItemProxy */;
		};
/* End PBXTargetDependency section */

/* Begin PBXVariantGroup section */
		040CB4F21C5F7CEC00C67432 /* Main.storyboard */ = {
			isa = PBXVariantGroup;
			children = (
				040CB4F31C5F7CEC00C67432 /* Base */,
			);
			name = Main.storyboard;
			sourceTree = "<group>";
		};
		040CB4F71C5F7CEC00C67432 /* LaunchScreen.storyboard */ = {
			isa = PBXVariantGroup;
			children = (
				040CB4F81C5F7CEC00C67432 /* Base */,
			);
			name = LaunchScreen.storyboard;
			sourceTree = "<group>";
		};
/* End PBXVariantGroup section */

/* Begin XCBuildConfiguration section */
		040CB5111C5F7CEC00C67432 /* Debug */ = {
			isa = XCBuildConfiguration;
			buildSettings = {
				ALWAYS_SEARCH_USER_PATHS = NO;
				CLANG_CXX_LANGUAGE_STANDARD = "gnu++0x";
				CLANG_CXX_LIBRARY = "libc++";
				CLANG_ENABLE_MODULES = YES;
				CLANG_ENABLE_OBJC_ARC = YES;
				CLANG_WARN_BOOL_CONVERSION = YES;
				CLANG_WARN_CONSTANT_CONVERSION = YES;
				CLANG_WARN_DIRECT_OBJC_ISA_USAGE = YES_ERROR;
				CLANG_WARN_EMPTY_BODY = YES;
				CLANG_WARN_ENUM_CONVERSION = YES;
				CLANG_WARN_INT_CONVERSION = YES;
				CLANG_WARN_OBJC_ROOT_CLASS = YES_ERROR;
				CLANG_WARN_UNREACHABLE_CODE = YES;
				CLANG_WARN__DUPLICATE_METHOD_MATCH = YES;
				"CODE_SIGN_IDENTITY[sdk=iphoneos*]" = "iPhone Developer";
				COPY_PHASE_STRIP = NO;
				DEBUG_INFORMATION_FORMAT = dwarf;
				ENABLE_STRICT_OBJC_MSGSEND = YES;
				ENABLE_TESTABILITY = YES;
				GCC_C_LANGUAGE_STANDARD = gnu99;
				GCC_DYNAMIC_NO_PIC = NO;
				GCC_NO_COMMON_BLOCKS = YES;
				GCC_OPTIMIZATION_LEVEL = 0;
				GCC_PREPROCESSOR_DEFINITIONS = (
					"DEBUG=1",
					"$(inherited)",
				);
				GCC_WARN_64_TO_32_BIT_CONVERSION = YES;
				GCC_WARN_ABOUT_RETURN_TYPE = YES_ERROR;
				GCC_WARN_UNDECLARED_SELECTOR = YES;
				GCC_WARN_UNINITIALIZED_AUTOS = YES_AGGRESSIVE;
				GCC_WARN_UNUSED_FUNCTION = YES;
				GCC_WARN_UNUSED_VARIABLE = YES;
				IPHONEOS_DEPLOYMENT_TARGET = 9.2;
				MTL_ENABLE_DEBUG_INFO = YES;
				ONLY_ACTIVE_ARCH = YES;
				SDKROOT = iphoneos;
				SWIFT_OPTIMIZATION_LEVEL = "-Onone";
			};
			name = Debug;
		};
		040CB5121C5F7CEC00C67432 /* Release */ = {
			isa = XCBuildConfiguration;
			buildSettings = {
				ALWAYS_SEARCH_USER_PATHS = NO;
				CLANG_CXX_LANGUAGE_STANDARD = "gnu++0x";
				CLANG_CXX_LIBRARY = "libc++";
				CLANG_ENABLE_MODULES = YES;
				CLANG_ENABLE_OBJC_ARC = YES;
				CLANG_WARN_BOOL_CONVERSION = YES;
				CLANG_WARN_CONSTANT_CONVERSION = YES;
				CLANG_WARN_DIRECT_OBJC_ISA_USAGE = YES_ERROR;
				CLANG_WARN_EMPTY_BODY = YES;
				CLANG_WARN_ENUM_CONVERSION = YES;
				CLANG_WARN_INT_CONVERSION = YES;
				CLANG_WARN_OBJC_ROOT_CLASS = YES_ERROR;
				CLANG_WARN_UNREACHABLE_CODE = YES;
				CLANG_WARN__DUPLICATE_METHOD_MATCH = YES;
				"CODE_SIGN_IDENTITY[sdk=iphoneos*]" = "iPhone Developer";
				COPY_PHASE_STRIP = NO;
				DEBUG_INFORMATION_FORMAT = "dwarf-with-dsym";
				ENABLE_NS_ASSERTIONS = NO;
				ENABLE_STRICT_OBJC_MSGSEND = YES;
				GCC_C_LANGUAGE_STANDARD = gnu99;
				GCC_NO_COMMON_BLOCKS = YES;
				GCC_WARN_64_TO_32_BIT_CONVERSION = YES;
				GCC_WARN_ABOUT_RETURN_TYPE = YES_ERROR;
				GCC_WARN_UNDECLARED_SELECTOR = YES;
				GCC_WARN_UNINITIALIZED_AUTOS = YES_AGGRESSIVE;
				GCC_WARN_UNUSED_FUNCTION = YES;
				GCC_WARN_UNUSED_VARIABLE = YES;
				IPHONEOS_DEPLOYMENT_TARGET = 9.2;
				MTL_ENABLE_DEBUG_INFO = NO;
				SDKROOT = iphoneos;
				VALIDATE_PRODUCT = YES;
			};
			name = Release;
		};
		040CB5141C5F7CEC00C67432 /* Debug */ = {
			isa = XCBuildConfiguration;
			baseConfigurationReference = 66E8694D811E7154D460421A /* Pods.debug.xcconfig */;
			buildSettings = {
				ASSETCATALOG_COMPILER_APPICON_NAME = AppIcon;
				INFOPLIST_FILE = Ssajul/Info.plist;
				LD_RUNPATH_SEARCH_PATHS = "$(inherited) @executable_path/Frameworks";
				PRODUCT_BUNDLE_IDENTIFIER = com.wearecontrols.Ssajul;
				PRODUCT_NAME = "$(TARGET_NAME)";
			};
			name = Debug;
		};
		040CB5151C5F7CEC00C67432 /* Release */ = {
			isa = XCBuildConfiguration;
			baseConfigurationReference = D30B30C989CD3EA5466D2555 /* Pods.release.xcconfig */;
			buildSettings = {
				ASSETCATALOG_COMPILER_APPICON_NAME = AppIcon;
				INFOPLIST_FILE = Ssajul/Info.plist;
				LD_RUNPATH_SEARCH_PATHS = "$(inherited) @executable_path/Frameworks";
				PRODUCT_BUNDLE_IDENTIFIER = com.wearecontrols.Ssajul;
				PRODUCT_NAME = "$(TARGET_NAME)";
			};
			name = Release;
		};
		040CB5171C5F7CEC00C67432 /* Debug */ = {
			isa = XCBuildConfiguration;
			baseConfigurationReference = 66E8694D811E7154D460421A /* Pods.debug.xcconfig */;
			buildSettings = {
				BUNDLE_LOADER = "$(TEST_HOST)";
				INFOPLIST_FILE = SsajulTests/Info.plist;
				LD_RUNPATH_SEARCH_PATHS = "$(inherited) @executable_path/Frameworks @loader_path/Frameworks";
				PRODUCT_BUNDLE_IDENTIFIER = com.wearecontrols.SsajulTests;
				PRODUCT_NAME = "$(TARGET_NAME)";
				TEST_HOST = "$(BUILT_PRODUCTS_DIR)/Ssajul.app/Ssajul";
			};
			name = Debug;
		};
		040CB5181C5F7CEC00C67432 /* Release */ = {
			isa = XCBuildConfiguration;
			buildSettings = {
				BUNDLE_LOADER = "$(TEST_HOST)";
				INFOPLIST_FILE = SsajulTests/Info.plist;
				LD_RUNPATH_SEARCH_PATHS = "$(inherited) @executable_path/Frameworks @loader_path/Frameworks";
				PRODUCT_BUNDLE_IDENTIFIER = com.wearecontrols.SsajulTests;
				PRODUCT_NAME = "$(TARGET_NAME)";
				TEST_HOST = "$(BUILT_PRODUCTS_DIR)/Ssajul.app/Ssajul";
			};
			name = Release;
		};
/* End XCBuildConfiguration section */

/* Begin XCConfigurationList section */
		040CB4E41C5F7CEC00C67432 /* Build configuration list for PBXProject "Ssajul" */ = {
			isa = XCConfigurationList;
			buildConfigurations = (
				040CB5111C5F7CEC00C67432 /* Debug */,
				040CB5121C5F7CEC00C67432 /* Release */,
			);
			defaultConfigurationIsVisible = 0;
			defaultConfigurationName = Release;
		};
		040CB5131C5F7CEC00C67432 /* Build configuration list for PBXNativeTarget "Ssajul" */ = {
			isa = XCConfigurationList;
			buildConfigurations = (
				040CB5141C5F7CEC00C67432 /* Debug */,
				040CB5151C5F7CEC00C67432 /* Release */,
			);
			defaultConfigurationIsVisible = 0;
			defaultConfigurationName = Release;
		};
		040CB5161C5F7CEC00C67432 /* Build configuration list for PBXNativeTarget "SsajulTests" */ = {
			isa = XCConfigurationList;
			buildConfigurations = (
				040CB5171C5F7CEC00C67432 /* Debug */,
				040CB5181C5F7CEC00C67432 /* Release */,
			);
			defaultConfigurationIsVisible = 0;
			defaultConfigurationName = Release;
		};
/* End XCConfigurationList section */
	};
	rootObject = 040CB4E11C5F7CEC00C67432 /* Project object */;
}
